
Microsoft Visual Studio Solution File, Format Version 12.00
# Visual Studio Version 17
VisualStudioVersion = 17.0.31808.319
MinimumVisualStudioVersion = 10.0.40219.1
Project("{8BC9CEB8-8B4A-11D0-8D11-00A0C91BC942}") = "gamesdk", "r5dev\vproj\gamesdk.vcxproj", "{28CC6B4F-7A95-4933-ADA9-65E38D48516D}"
	ProjectSection(ProjectDependencies) = postProject
		{1CC6BF42-D20F-4599-8619-290AF5FB4034} = {1CC6BF42-D20F-4599-8619-290AF5FB4034}
		{31FB1B73-F4C5-414B-A27D-AB0DC194BC61} = {31FB1B73-F4C5-414B-A27D-AB0DC194BC61}
		{B273A875-6618-49FE-8CA4-0B693BA264D5} = {B273A875-6618-49FE-8CA4-0B693BA264D5}
		{DC72AD9E-F12F-4802-8BB8-F17A16BFCAEB} = {DC72AD9E-F12F-4802-8BB8-F17A16BFCAEB}
		{6DC4E2AF-1740-480B-A9E4-BA766BC6B58D} = {6DC4E2AF-1740-480B-A9E4-BA766BC6B58D}
		{AD7B43E9-2416-4B39-829E-D9D2071479B1} = {AD7B43E9-2416-4B39-829E-D9D2071479B1}
	EndProjectSection
EndProject
Project("{8BC9CEB8-8B4A-11D0-8D11-00A0C91BC942}") = "sdklauncher", "r5dev\vproj\sdklauncher.vcxproj", "{18F8C75E-3844-4AA6-AB93-980A08253519}"
	ProjectSection(ProjectDependencies) = postProject
		{88BC2D60-A093-4E61-B194-59AB8BE4E33E} = {88BC2D60-A093-4E61-B194-59AB8BE4E33E}
		{6DC4E2AF-1740-480B-A9E4-BA766BC6B58D} = {6DC4E2AF-1740-480B-A9E4-BA766BC6B58D}
	EndProjectSection
EndProject
Project("{8BC9CEB8-8B4A-11D0-8D11-00A0C91BC942}") = "dedicated", "r5dev\vproj\dedicated.vcxproj", "{ED2C50B3-7C2C-4E44-988E-DAA059F72B9C}"
	ProjectSection(ProjectDependencies) = postProject
		{1CC6BF42-D20F-4599-8619-290AF5FB4034} = {1CC6BF42-D20F-4599-8619-290AF5FB4034}
		{B273A875-6618-49FE-8CA4-0B693BA264D5} = {B273A875-6618-49FE-8CA4-0B693BA264D5}
		{6DC4E2AF-1740-480B-A9E4-BA766BC6B58D} = {6DC4E2AF-1740-480B-A9E4-BA766BC6B58D}
	EndProjectSection
EndProject
Project("{8BC9CEB8-8B4A-11D0-8D11-00A0C91BC942}") = "netconsole", "r5dev\vproj\netconsole.vcxproj", "{9579B31F-CE24-4852-A941-CD1AD71E2248}"
	ProjectSection(ProjectDependencies) = postProject
		{B273A875-6618-49FE-8CA4-0B693BA264D5} = {B273A875-6618-49FE-8CA4-0B693BA264D5}
	EndProjectSection
EndProject
Project("{8BC9CEB8-8B4A-11D0-8D11-00A0C91BC942}") = "libprotobuf", "r5dev\vproj\libprotobuf.vcxproj", "{B273A875-6618-49FE-8CA4-0B693BA264D5}"
EndProject
Project("{8BC9CEB8-8B4A-11D0-8D11-00A0C91BC942}") = "liblzham", "r5dev\vproj\liblzham.vcxproj", "{1CC6BF42-D20F-4599-8619-290AF5FB4034}"
EndProject
Project("{8BC9CEB8-8B4A-11D0-8D11-00A0C91BC942}") = "libdetours", "r5dev\vproj\libdetours.vcxproj", "{6DC4E2AF-1740-480B-A9E4-BA766BC6B58D}"
EndProject
Project("{2150E333-8FDC-42A3-9474-1A3956D46DE8}") = "libraries", "libraries", "{9D2825F8-4BEC-4D0A-B125-6390B554D519}"
EndProject
Project("{8BC9CEB8-8B4A-11D0-8D11-00A0C91BC942}") = "libimgui", "r5dev\vproj\libimgui.vcxproj", "{AD7B43E9-2416-4B39-829E-D9D2071479B1}"
EndProject
Project("{2150E333-8FDC-42A3-9474-1A3956D46DE8}") = "microsoft", "microsoft", "{8814B724-617F-46D1-B29F-36C87F3472BF}"
EndProject
Project("{2150E333-8FDC-42A3-9474-1A3956D46DE8}") = "google", "google", "{2C6C4C79-2028-4165-8BA7-99EB6095A006}"
EndProject
Project("{2150E333-8FDC-42A3-9474-1A3956D46DE8}") = "recast", "recast", "{EB0E2713-EB72-4F68-B6CF-F076D68ECA40}"
EndProject
Project("{8BC9CEB8-8B4A-11D0-8D11-00A0C91BC942}") = "libdetour", "r5dev\vproj\libdetour.vcxproj", "{DC72AD9E-F12F-4802-8BB8-F17A16BFCAEB}"
EndProject
Project("{8BC9CEB8-8B4A-11D0-8D11-00A0C91BC942}") = "libdetourcrowd", "r5dev\vproj\libdetourcrowd.vcxproj", "{6A8085A2-4DD0-4726-A667-ED873020AAB7}"
EndProject
Project("{8BC9CEB8-8B4A-11D0-8D11-00A0C91BC942}") = "libdetourtilecache", "r5dev\vproj\libdetourtilecache.vcxproj", "{DC456E49-7FC6-4BB9-B8A1-C879A37F2A1C}"
EndProject
Project("{8BC9CEB8-8B4A-11D0-8D11-00A0C91BC942}") = "librecast", "r5dev\vproj\librecast.vcxproj", "{31FB1B73-F4C5-414B-A27D-AB0DC194BC61}"
EndProject
Project("{8BC9CEB8-8B4A-11D0-8D11-00A0C91BC942}") = "libdebugutils", "r5dev\vproj\libdebugutils.vcxproj", "{0E701104-CD9A-45C0-8E32-3284DBDEAF5E}"
EndProject
Project("{8BC9CEB8-8B4A-11D0-8D11-00A0C91BC942}") = "libsdl2", "r5dev\vproj\libsdl.vcxproj", "{81CE8DAF-EBB2-4761-8E45-B71ABCCA8C68}"
EndProject
Project("{8BC9CEB8-8B4A-11D0-8D11-00A0C91BC942}") = "naveditor", "r5dev\vproj\naveditor.vcxproj", "{1942083A-03D9-4D76-B644-A3FA2A118A35}"
	ProjectSection(ProjectDependencies) = postProject
		{0E701104-CD9A-45C0-8E32-3284DBDEAF5E} = {0E701104-CD9A-45C0-8E32-3284DBDEAF5E}
		{DC456E49-7FC6-4BB9-B8A1-C879A37F2A1C} = {DC456E49-7FC6-4BB9-B8A1-C879A37F2A1C}
		{31FB1B73-F4C5-414B-A27D-AB0DC194BC61} = {31FB1B73-F4C5-414B-A27D-AB0DC194BC61}
		{DC72AD9E-F12F-4802-8BB8-F17A16BFCAEB} = {DC72AD9E-F12F-4802-8BB8-F17A16BFCAEB}
		{6A8085A2-4DD0-4726-A667-ED873020AAB7} = {6A8085A2-4DD0-4726-A667-ED873020AAB7}
		{81CE8DAF-EBB2-4761-8E45-B71ABCCA8C68} = {81CE8DAF-EBB2-4761-8E45-B71ABCCA8C68}
		{6DC4E2AF-1740-480B-A9E4-BA766BC6B58D} = {6DC4E2AF-1740-480B-A9E4-BA766BC6B58D}
	EndProjectSection
EndProject
Project("{8BC9CEB8-8B4A-11D0-8D11-00A0C91BC942}") = "clientsdk", "r5dev\vproj\clientsdk.vcxproj", "{8FC77C68-CE93-45CE-B753-68ABE36BCDDB}"
	ProjectSection(ProjectDependencies) = postProject
		{1CC6BF42-D20F-4599-8619-290AF5FB4034} = {1CC6BF42-D20F-4599-8619-290AF5FB4034}
		{B273A875-6618-49FE-8CA4-0B693BA264D5} = {B273A875-6618-49FE-8CA4-0B693BA264D5}
		{6DC4E2AF-1740-480B-A9E4-BA766BC6B58D} = {6DC4E2AF-1740-480B-A9E4-BA766BC6B58D}
		{AD7B43E9-2416-4B39-829E-D9D2071479B1} = {AD7B43E9-2416-4B39-829E-D9D2071479B1}
	EndProjectSection
EndProject
Project("{2150E333-8FDC-42A3-9474-1A3956D46DE8}") = "tools", "tools", "{3363D141-5FD1-4569-B1B0-EC59ABBA5FAC}"
EndProject
Project("{8BC9CEB8-8B4A-11D0-8D11-00A0C91BC942}") = "libcppkore", "r5dev\vproj\libcppkore.vcxproj", "{88BC2D60-A093-4E61-B194-59AB8BE4E33E}"
EndProject
Project("{8BC9CEB8-8B4A-11D0-8D11-00A0C91BC942}") = "pluginsdk", "r5dev\vproj\pluginsdk.vcxproj", "{42214A91-2EEF-4717-BD99-6FD7FCCF2DBE}"
EndProject
Project("{8BC9CEB8-8B4A-11D0-8D11-00A0C91BC942}") = "modManager", "r5dev\vproj\modManager.vcxproj", "{4515FB9A-87BB-415B-94E5-0B979F237757}"
EndProject
Project("{8BC9CEB8-8B4A-11D0-8D11-00A0C91BC942}") = "cryptlib", "r5dev\vproj\cryptlib.vcxproj", "{C39F4B46-6E89-4074-902E-CA57073044D2}"
EndProject
Global
	GlobalSection(SolutionConfigurationPlatforms) = preSolution
		Debug|x64 = Debug|x64
		Debug|x86 = Debug|x86
		DLL-Import Debug|x64 = DLL-Import Debug|x64
		DLL-Import Debug|x86 = DLL-Import Debug|x86
		DLL-Import Release|x64 = DLL-Import Release|x64
		DLL-Import Release|x86 = DLL-Import Release|x86
		MinSizeRel|x64 = MinSizeRel|x64
		MinSizeRel|x86 = MinSizeRel|x86
		Release|x64 = Release|x64
		Release|x86 = Release|x86
		RelWithDebInfo|x64 = RelWithDebInfo|x64
		RelWithDebInfo|x86 = RelWithDebInfo|x86
	EndGlobalSection
	GlobalSection(ProjectConfigurationPlatforms) = postSolution
		{28CC6B4F-7A95-4933-ADA9-65E38D48516D}.Debug|x64.ActiveCfg = Debug|x64
		{28CC6B4F-7A95-4933-ADA9-65E38D48516D}.Debug|x64.Build.0 = Debug|x64
		{28CC6B4F-7A95-4933-ADA9-65E38D48516D}.Debug|x86.ActiveCfg = Debug|Win32
		{28CC6B4F-7A95-4933-ADA9-65E38D48516D}.Debug|x86.Build.0 = Debug|Win32
		{28CC6B4F-7A95-4933-ADA9-65E38D48516D}.DLL-Import Debug|x64.ActiveCfg = Debug|x64
		{28CC6B4F-7A95-4933-ADA9-65E38D48516D}.DLL-Import Debug|x64.Build.0 = Debug|x64
		{28CC6B4F-7A95-4933-ADA9-65E38D48516D}.DLL-Import Debug|x86.ActiveCfg = Debug|Win32
		{28CC6B4F-7A95-4933-ADA9-65E38D48516D}.DLL-Import Debug|x86.Build.0 = Debug|Win32
		{28CC6B4F-7A95-4933-ADA9-65E38D48516D}.DLL-Import Release|x64.ActiveCfg = Release|x64
		{28CC6B4F-7A95-4933-ADA9-65E38D48516D}.DLL-Import Release|x64.Build.0 = Release|x64
		{28CC6B4F-7A95-4933-ADA9-65E38D48516D}.DLL-Import Release|x86.ActiveCfg = Release|Win32
		{28CC6B4F-7A95-4933-ADA9-65E38D48516D}.DLL-Import Release|x86.Build.0 = Release|Win32
		{28CC6B4F-7A95-4933-ADA9-65E38D48516D}.MinSizeRel|x64.ActiveCfg = Release|x64
		{28CC6B4F-7A95-4933-ADA9-65E38D48516D}.MinSizeRel|x64.Build.0 = Release|x64
		{28CC6B4F-7A95-4933-ADA9-65E38D48516D}.MinSizeRel|x86.ActiveCfg = Release|Win32
		{28CC6B4F-7A95-4933-ADA9-65E38D48516D}.MinSizeRel|x86.Build.0 = Release|Win32
		{28CC6B4F-7A95-4933-ADA9-65E38D48516D}.Release|x64.ActiveCfg = Release|x64
		{28CC6B4F-7A95-4933-ADA9-65E38D48516D}.Release|x64.Build.0 = Release|x64
		{28CC6B4F-7A95-4933-ADA9-65E38D48516D}.Release|x86.ActiveCfg = Release|Win32
		{28CC6B4F-7A95-4933-ADA9-65E38D48516D}.Release|x86.Build.0 = Release|Win32
		{28CC6B4F-7A95-4933-ADA9-65E38D48516D}.RelWithDebInfo|x64.ActiveCfg = Release|x64
		{28CC6B4F-7A95-4933-ADA9-65E38D48516D}.RelWithDebInfo|x64.Build.0 = Release|x64
		{28CC6B4F-7A95-4933-ADA9-65E38D48516D}.RelWithDebInfo|x86.ActiveCfg = Release|Win32
		{28CC6B4F-7A95-4933-ADA9-65E38D48516D}.RelWithDebInfo|x86.Build.0 = Release|Win32
		{18F8C75E-3844-4AA6-AB93-980A08253519}.Debug|x64.ActiveCfg = Debug|x64
		{18F8C75E-3844-4AA6-AB93-980A08253519}.Debug|x64.Build.0 = Debug|x64
		{18F8C75E-3844-4AA6-AB93-980A08253519}.Debug|x86.ActiveCfg = Debug|Win32
		{18F8C75E-3844-4AA6-AB93-980A08253519}.Debug|x86.Build.0 = Debug|Win32
		{18F8C75E-3844-4AA6-AB93-980A08253519}.DLL-Import Debug|x64.ActiveCfg = Debug|x64
		{18F8C75E-3844-4AA6-AB93-980A08253519}.DLL-Import Debug|x64.Build.0 = Debug|x64
		{18F8C75E-3844-4AA6-AB93-980A08253519}.DLL-Import Debug|x86.ActiveCfg = Debug|Win32
		{18F8C75E-3844-4AA6-AB93-980A08253519}.DLL-Import Debug|x86.Build.0 = Debug|Win32
		{18F8C75E-3844-4AA6-AB93-980A08253519}.DLL-Import Release|x64.ActiveCfg = Release|x64
		{18F8C75E-3844-4AA6-AB93-980A08253519}.DLL-Import Release|x64.Build.0 = Release|x64
		{18F8C75E-3844-4AA6-AB93-980A08253519}.DLL-Import Release|x86.ActiveCfg = Release|Win32
		{18F8C75E-3844-4AA6-AB93-980A08253519}.DLL-Import Release|x86.Build.0 = Release|Win32
		{18F8C75E-3844-4AA6-AB93-980A08253519}.MinSizeRel|x64.ActiveCfg = Release|x64
		{18F8C75E-3844-4AA6-AB93-980A08253519}.MinSizeRel|x64.Build.0 = Release|x64
		{18F8C75E-3844-4AA6-AB93-980A08253519}.MinSizeRel|x86.ActiveCfg = Release|Win32
		{18F8C75E-3844-4AA6-AB93-980A08253519}.MinSizeRel|x86.Build.0 = Release|Win32
		{18F8C75E-3844-4AA6-AB93-980A08253519}.Release|x64.ActiveCfg = Release|x64
		{18F8C75E-3844-4AA6-AB93-980A08253519}.Release|x64.Build.0 = Release|x64
		{18F8C75E-3844-4AA6-AB93-980A08253519}.Release|x86.ActiveCfg = Release|Win32
		{18F8C75E-3844-4AA6-AB93-980A08253519}.Release|x86.Build.0 = Release|Win32
		{18F8C75E-3844-4AA6-AB93-980A08253519}.RelWithDebInfo|x64.ActiveCfg = Release|x64
		{18F8C75E-3844-4AA6-AB93-980A08253519}.RelWithDebInfo|x64.Build.0 = Release|x64
		{18F8C75E-3844-4AA6-AB93-980A08253519}.RelWithDebInfo|x86.ActiveCfg = Release|Win32
		{18F8C75E-3844-4AA6-AB93-980A08253519}.RelWithDebInfo|x86.Build.0 = Release|Win32
		{ED2C50B3-7C2C-4E44-988E-DAA059F72B9C}.Debug|x64.ActiveCfg = Debug|x64
		{ED2C50B3-7C2C-4E44-988E-DAA059F72B9C}.Debug|x64.Build.0 = Debug|x64
		{ED2C50B3-7C2C-4E44-988E-DAA059F72B9C}.Debug|x86.ActiveCfg = Debug|Win32
		{ED2C50B3-7C2C-4E44-988E-DAA059F72B9C}.Debug|x86.Build.0 = Debug|Win32
		{ED2C50B3-7C2C-4E44-988E-DAA059F72B9C}.DLL-Import Debug|x64.ActiveCfg = Debug|x64
		{ED2C50B3-7C2C-4E44-988E-DAA059F72B9C}.DLL-Import Debug|x64.Build.0 = Debug|x64
		{ED2C50B3-7C2C-4E44-988E-DAA059F72B9C}.DLL-Import Debug|x86.ActiveCfg = Debug|Win32
		{ED2C50B3-7C2C-4E44-988E-DAA059F72B9C}.DLL-Import Debug|x86.Build.0 = Debug|Win32
		{ED2C50B3-7C2C-4E44-988E-DAA059F72B9C}.DLL-Import Release|x64.ActiveCfg = Release|x64
		{ED2C50B3-7C2C-4E44-988E-DAA059F72B9C}.DLL-Import Release|x64.Build.0 = Release|x64
		{ED2C50B3-7C2C-4E44-988E-DAA059F72B9C}.DLL-Import Release|x86.ActiveCfg = Release|Win32
		{ED2C50B3-7C2C-4E44-988E-DAA059F72B9C}.DLL-Import Release|x86.Build.0 = Release|Win32
		{ED2C50B3-7C2C-4E44-988E-DAA059F72B9C}.MinSizeRel|x64.ActiveCfg = Release|x64
		{ED2C50B3-7C2C-4E44-988E-DAA059F72B9C}.MinSizeRel|x64.Build.0 = Release|x64
		{ED2C50B3-7C2C-4E44-988E-DAA059F72B9C}.MinSizeRel|x86.ActiveCfg = Release|Win32
		{ED2C50B3-7C2C-4E44-988E-DAA059F72B9C}.MinSizeRel|x86.Build.0 = Release|Win32
		{ED2C50B3-7C2C-4E44-988E-DAA059F72B9C}.Release|x64.ActiveCfg = Release|x64
		{ED2C50B3-7C2C-4E44-988E-DAA059F72B9C}.Release|x64.Build.0 = Release|x64
		{ED2C50B3-7C2C-4E44-988E-DAA059F72B9C}.Release|x86.ActiveCfg = Release|Win32
		{ED2C50B3-7C2C-4E44-988E-DAA059F72B9C}.Release|x86.Build.0 = Release|Win32
		{ED2C50B3-7C2C-4E44-988E-DAA059F72B9C}.RelWithDebInfo|x64.ActiveCfg = Release|x64
		{ED2C50B3-7C2C-4E44-988E-DAA059F72B9C}.RelWithDebInfo|x64.Build.0 = Release|x64
		{ED2C50B3-7C2C-4E44-988E-DAA059F72B9C}.RelWithDebInfo|x86.ActiveCfg = Release|Win32
		{ED2C50B3-7C2C-4E44-988E-DAA059F72B9C}.RelWithDebInfo|x86.Build.0 = Release|Win32
		{9579B31F-CE24-4852-A941-CD1AD71E2248}.Debug|x64.ActiveCfg = Debug|x64
		{9579B31F-CE24-4852-A941-CD1AD71E2248}.Debug|x64.Build.0 = Debug|x64
		{9579B31F-CE24-4852-A941-CD1AD71E2248}.Debug|x86.ActiveCfg = Debug|Win32
		{9579B31F-CE24-4852-A941-CD1AD71E2248}.Debug|x86.Build.0 = Debug|Win32
		{9579B31F-CE24-4852-A941-CD1AD71E2248}.DLL-Import Debug|x64.ActiveCfg = Debug|x64
		{9579B31F-CE24-4852-A941-CD1AD71E2248}.DLL-Import Debug|x64.Build.0 = Debug|x64
		{9579B31F-CE24-4852-A941-CD1AD71E2248}.DLL-Import Debug|x86.ActiveCfg = Debug|Win32
		{9579B31F-CE24-4852-A941-CD1AD71E2248}.DLL-Import Debug|x86.Build.0 = Debug|Win32
		{9579B31F-CE24-4852-A941-CD1AD71E2248}.DLL-Import Release|x64.ActiveCfg = Release|x64
		{9579B31F-CE24-4852-A941-CD1AD71E2248}.DLL-Import Release|x64.Build.0 = Release|x64
		{9579B31F-CE24-4852-A941-CD1AD71E2248}.DLL-Import Release|x86.ActiveCfg = Release|Win32
		{9579B31F-CE24-4852-A941-CD1AD71E2248}.DLL-Import Release|x86.Build.0 = Release|Win32
		{9579B31F-CE24-4852-A941-CD1AD71E2248}.MinSizeRel|x64.ActiveCfg = Release|x64
		{9579B31F-CE24-4852-A941-CD1AD71E2248}.MinSizeRel|x64.Build.0 = Release|x64
		{9579B31F-CE24-4852-A941-CD1AD71E2248}.MinSizeRel|x86.ActiveCfg = Release|Win32
		{9579B31F-CE24-4852-A941-CD1AD71E2248}.MinSizeRel|x86.Build.0 = Release|Win32
		{9579B31F-CE24-4852-A941-CD1AD71E2248}.Release|x64.ActiveCfg = Release|x64
		{9579B31F-CE24-4852-A941-CD1AD71E2248}.Release|x64.Build.0 = Release|x64
		{9579B31F-CE24-4852-A941-CD1AD71E2248}.Release|x86.ActiveCfg = Release|Win32
		{9579B31F-CE24-4852-A941-CD1AD71E2248}.Release|x86.Build.0 = Release|Win32
		{9579B31F-CE24-4852-A941-CD1AD71E2248}.RelWithDebInfo|x64.ActiveCfg = Release|x64
		{9579B31F-CE24-4852-A941-CD1AD71E2248}.RelWithDebInfo|x64.Build.0 = Release|x64
		{9579B31F-CE24-4852-A941-CD1AD71E2248}.RelWithDebInfo|x86.ActiveCfg = Release|Win32
		{9579B31F-CE24-4852-A941-CD1AD71E2248}.RelWithDebInfo|x86.Build.0 = Release|Win32
		{B273A875-6618-49FE-8CA4-0B693BA264D5}.Debug|x64.ActiveCfg = Debug|x64
		{B273A875-6618-49FE-8CA4-0B693BA264D5}.Debug|x64.Build.0 = Debug|x64
		{B273A875-6618-49FE-8CA4-0B693BA264D5}.Debug|x86.ActiveCfg = Debug|Win32
		{B273A875-6618-49FE-8CA4-0B693BA264D5}.Debug|x86.Build.0 = Debug|Win32
		{B273A875-6618-49FE-8CA4-0B693BA264D5}.DLL-Import Debug|x64.ActiveCfg = Debug|x64
		{B273A875-6618-49FE-8CA4-0B693BA264D5}.DLL-Import Debug|x64.Build.0 = Debug|x64
		{B273A875-6618-49FE-8CA4-0B693BA264D5}.DLL-Import Debug|x86.ActiveCfg = Debug|Win32
		{B273A875-6618-49FE-8CA4-0B693BA264D5}.DLL-Import Debug|x86.Build.0 = Debug|Win32
		{B273A875-6618-49FE-8CA4-0B693BA264D5}.DLL-Import Release|x64.ActiveCfg = Release|x64
		{B273A875-6618-49FE-8CA4-0B693BA264D5}.DLL-Import Release|x64.Build.0 = Release|x64
		{B273A875-6618-49FE-8CA4-0B693BA264D5}.DLL-Import Release|x86.ActiveCfg = Release|Win32
		{B273A875-6618-49FE-8CA4-0B693BA264D5}.DLL-Import Release|x86.Build.0 = Release|Win32
		{B273A875-6618-49FE-8CA4-0B693BA264D5}.MinSizeRel|x64.ActiveCfg = Release|x64
		{B273A875-6618-49FE-8CA4-0B693BA264D5}.MinSizeRel|x64.Build.0 = Release|x64
		{B273A875-6618-49FE-8CA4-0B693BA264D5}.MinSizeRel|x86.ActiveCfg = Release|Win32
		{B273A875-6618-49FE-8CA4-0B693BA264D5}.MinSizeRel|x86.Build.0 = Release|Win32
		{B273A875-6618-49FE-8CA4-0B693BA264D5}.Release|x64.ActiveCfg = Release|x64
		{B273A875-6618-49FE-8CA4-0B693BA264D5}.Release|x64.Build.0 = Release|x64
		{B273A875-6618-49FE-8CA4-0B693BA264D5}.Release|x86.ActiveCfg = Release|Win32
		{B273A875-6618-49FE-8CA4-0B693BA264D5}.Release|x86.Build.0 = Release|Win32
		{B273A875-6618-49FE-8CA4-0B693BA264D5}.RelWithDebInfo|x64.ActiveCfg = Release|x64
		{B273A875-6618-49FE-8CA4-0B693BA264D5}.RelWithDebInfo|x64.Build.0 = Release|x64
		{B273A875-6618-49FE-8CA4-0B693BA264D5}.RelWithDebInfo|x86.ActiveCfg = Release|Win32
		{B273A875-6618-49FE-8CA4-0B693BA264D5}.RelWithDebInfo|x86.Build.0 = Release|Win32
		{1CC6BF42-D20F-4599-8619-290AF5FB4034}.Debug|x64.ActiveCfg = Debug|x64
		{1CC6BF42-D20F-4599-8619-290AF5FB4034}.Debug|x64.Build.0 = Debug|x64
		{1CC6BF42-D20F-4599-8619-290AF5FB4034}.Debug|x86.ActiveCfg = Debug|Win32
		{1CC6BF42-D20F-4599-8619-290AF5FB4034}.Debug|x86.Build.0 = Debug|Win32
		{1CC6BF42-D20F-4599-8619-290AF5FB4034}.DLL-Import Debug|x64.ActiveCfg = Debug|x64
		{1CC6BF42-D20F-4599-8619-290AF5FB4034}.DLL-Import Debug|x64.Build.0 = Debug|x64
		{1CC6BF42-D20F-4599-8619-290AF5FB4034}.DLL-Import Debug|x86.ActiveCfg = Debug|Win32
		{1CC6BF42-D20F-4599-8619-290AF5FB4034}.DLL-Import Debug|x86.Build.0 = Debug|Win32
		{1CC6BF42-D20F-4599-8619-290AF5FB4034}.DLL-Import Release|x64.ActiveCfg = Release|x64
		{1CC6BF42-D20F-4599-8619-290AF5FB4034}.DLL-Import Release|x64.Build.0 = Release|x64
		{1CC6BF42-D20F-4599-8619-290AF5FB4034}.DLL-Import Release|x86.ActiveCfg = Release|Win32
		{1CC6BF42-D20F-4599-8619-290AF5FB4034}.DLL-Import Release|x86.Build.0 = Release|Win32
		{1CC6BF42-D20F-4599-8619-290AF5FB4034}.MinSizeRel|x64.ActiveCfg = Release|x64
		{1CC6BF42-D20F-4599-8619-290AF5FB4034}.MinSizeRel|x64.Build.0 = Release|x64
		{1CC6BF42-D20F-4599-8619-290AF5FB4034}.MinSizeRel|x86.ActiveCfg = Release|Win32
		{1CC6BF42-D20F-4599-8619-290AF5FB4034}.MinSizeRel|x86.Build.0 = Release|Win32
		{1CC6BF42-D20F-4599-8619-290AF5FB4034}.Release|x64.ActiveCfg = Release|x64
		{1CC6BF42-D20F-4599-8619-290AF5FB4034}.Release|x64.Build.0 = Release|x64
		{1CC6BF42-D20F-4599-8619-290AF5FB4034}.Release|x86.ActiveCfg = Release|Win32
		{1CC6BF42-D20F-4599-8619-290AF5FB4034}.Release|x86.Build.0 = Release|Win32
		{1CC6BF42-D20F-4599-8619-290AF5FB4034}.RelWithDebInfo|x64.ActiveCfg = Release|x64
		{1CC6BF42-D20F-4599-8619-290AF5FB4034}.RelWithDebInfo|x64.Build.0 = Release|x64
		{1CC6BF42-D20F-4599-8619-290AF5FB4034}.RelWithDebInfo|x86.ActiveCfg = Release|Win32
		{1CC6BF42-D20F-4599-8619-290AF5FB4034}.RelWithDebInfo|x86.Build.0 = Release|Win32
		{6DC4E2AF-1740-480B-A9E4-BA766BC6B58D}.Debug|x64.ActiveCfg = Debug|x64
		{6DC4E2AF-1740-480B-A9E4-BA766BC6B58D}.Debug|x64.Build.0 = Debug|x64
		{6DC4E2AF-1740-480B-A9E4-BA766BC6B58D}.Debug|x86.ActiveCfg = Debug|Win32
		{6DC4E2AF-1740-480B-A9E4-BA766BC6B58D}.Debug|x86.Build.0 = Debug|Win32
		{6DC4E2AF-1740-480B-A9E4-BA766BC6B58D}.DLL-Import Debug|x64.ActiveCfg = Debug|x64
		{6DC4E2AF-1740-480B-A9E4-BA766BC6B58D}.DLL-Import Debug|x64.Build.0 = Debug|x64
		{6DC4E2AF-1740-480B-A9E4-BA766BC6B58D}.DLL-Import Debug|x86.ActiveCfg = Debug|Win32
		{6DC4E2AF-1740-480B-A9E4-BA766BC6B58D}.DLL-Import Debug|x86.Build.0 = Debug|Win32
		{6DC4E2AF-1740-480B-A9E4-BA766BC6B58D}.DLL-Import Release|x64.ActiveCfg = Release|x64
		{6DC4E2AF-1740-480B-A9E4-BA766BC6B58D}.DLL-Import Release|x64.Build.0 = Release|x64
		{6DC4E2AF-1740-480B-A9E4-BA766BC6B58D}.DLL-Import Release|x86.ActiveCfg = Release|Win32
		{6DC4E2AF-1740-480B-A9E4-BA766BC6B58D}.DLL-Import Release|x86.Build.0 = Release|Win32
		{6DC4E2AF-1740-480B-A9E4-BA766BC6B58D}.MinSizeRel|x64.ActiveCfg = Release|x64
		{6DC4E2AF-1740-480B-A9E4-BA766BC6B58D}.MinSizeRel|x64.Build.0 = Release|x64
		{6DC4E2AF-1740-480B-A9E4-BA766BC6B58D}.MinSizeRel|x86.ActiveCfg = Release|Win32
		{6DC4E2AF-1740-480B-A9E4-BA766BC6B58D}.MinSizeRel|x86.Build.0 = Release|Win32
		{6DC4E2AF-1740-480B-A9E4-BA766BC6B58D}.Release|x64.ActiveCfg = Release|x64
		{6DC4E2AF-1740-480B-A9E4-BA766BC6B58D}.Release|x64.Build.0 = Release|x64
		{6DC4E2AF-1740-480B-A9E4-BA766BC6B58D}.Release|x86.ActiveCfg = Release|Win32
		{6DC4E2AF-1740-480B-A9E4-BA766BC6B58D}.Release|x86.Build.0 = Release|Win32
		{6DC4E2AF-1740-480B-A9E4-BA766BC6B58D}.RelWithDebInfo|x64.ActiveCfg = Release|x64
		{6DC4E2AF-1740-480B-A9E4-BA766BC6B58D}.RelWithDebInfo|x64.Build.0 = Release|x64
		{6DC4E2AF-1740-480B-A9E4-BA766BC6B58D}.RelWithDebInfo|x86.ActiveCfg = Release|Win32
		{6DC4E2AF-1740-480B-A9E4-BA766BC6B58D}.RelWithDebInfo|x86.Build.0 = Release|Win32
		{AD7B43E9-2416-4B39-829E-D9D2071479B1}.Debug|x64.ActiveCfg = Debug|x64
		{AD7B43E9-2416-4B39-829E-D9D2071479B1}.Debug|x64.Build.0 = Debug|x64
		{AD7B43E9-2416-4B39-829E-D9D2071479B1}.Debug|x86.ActiveCfg = Debug|Win32
		{AD7B43E9-2416-4B39-829E-D9D2071479B1}.Debug|x86.Build.0 = Debug|Win32
		{AD7B43E9-2416-4B39-829E-D9D2071479B1}.DLL-Import Debug|x64.ActiveCfg = Debug|x64
		{AD7B43E9-2416-4B39-829E-D9D2071479B1}.DLL-Import Debug|x64.Build.0 = Debug|x64
		{AD7B43E9-2416-4B39-829E-D9D2071479B1}.DLL-Import Debug|x86.ActiveCfg = Debug|Win32
		{AD7B43E9-2416-4B39-829E-D9D2071479B1}.DLL-Import Debug|x86.Build.0 = Debug|Win32
		{AD7B43E9-2416-4B39-829E-D9D2071479B1}.DLL-Import Release|x64.ActiveCfg = Release|x64
		{AD7B43E9-2416-4B39-829E-D9D2071479B1}.DLL-Import Release|x64.Build.0 = Release|x64
		{AD7B43E9-2416-4B39-829E-D9D2071479B1}.DLL-Import Release|x86.ActiveCfg = Release|Win32
		{AD7B43E9-2416-4B39-829E-D9D2071479B1}.DLL-Import Release|x86.Build.0 = Release|Win32
		{AD7B43E9-2416-4B39-829E-D9D2071479B1}.MinSizeRel|x64.ActiveCfg = Release|x64
		{AD7B43E9-2416-4B39-829E-D9D2071479B1}.MinSizeRel|x64.Build.0 = Release|x64
		{AD7B43E9-2416-4B39-829E-D9D2071479B1}.MinSizeRel|x86.ActiveCfg = Release|Win32
		{AD7B43E9-2416-4B39-829E-D9D2071479B1}.MinSizeRel|x86.Build.0 = Release|Win32
		{AD7B43E9-2416-4B39-829E-D9D2071479B1}.Release|x64.ActiveCfg = Release|x64
		{AD7B43E9-2416-4B39-829E-D9D2071479B1}.Release|x64.Build.0 = Release|x64
		{AD7B43E9-2416-4B39-829E-D9D2071479B1}.Release|x86.ActiveCfg = Release|Win32
		{AD7B43E9-2416-4B39-829E-D9D2071479B1}.Release|x86.Build.0 = Release|Win32
		{AD7B43E9-2416-4B39-829E-D9D2071479B1}.RelWithDebInfo|x64.ActiveCfg = Release|x64
		{AD7B43E9-2416-4B39-829E-D9D2071479B1}.RelWithDebInfo|x64.Build.0 = Release|x64
		{AD7B43E9-2416-4B39-829E-D9D2071479B1}.RelWithDebInfo|x86.ActiveCfg = Release|Win32
		{AD7B43E9-2416-4B39-829E-D9D2071479B1}.RelWithDebInfo|x86.Build.0 = Release|Win32
		{DC72AD9E-F12F-4802-8BB8-F17A16BFCAEB}.Debug|x64.ActiveCfg = Debug|x64
		{DC72AD9E-F12F-4802-8BB8-F17A16BFCAEB}.Debug|x64.Build.0 = Debug|x64
		{DC72AD9E-F12F-4802-8BB8-F17A16BFCAEB}.Debug|x86.ActiveCfg = Debug|x64
		{DC72AD9E-F12F-4802-8BB8-F17A16BFCAEB}.Debug|x86.Build.0 = Debug|x64
		{DC72AD9E-F12F-4802-8BB8-F17A16BFCAEB}.DLL-Import Debug|x64.ActiveCfg = Debug|x64
		{DC72AD9E-F12F-4802-8BB8-F17A16BFCAEB}.DLL-Import Debug|x64.Build.0 = Debug|x64
		{DC72AD9E-F12F-4802-8BB8-F17A16BFCAEB}.DLL-Import Debug|x86.ActiveCfg = Debug|x64
		{DC72AD9E-F12F-4802-8BB8-F17A16BFCAEB}.DLL-Import Debug|x86.Build.0 = Debug|x64
		{DC72AD9E-F12F-4802-8BB8-F17A16BFCAEB}.DLL-Import Release|x64.ActiveCfg = Release|x64
		{DC72AD9E-F12F-4802-8BB8-F17A16BFCAEB}.DLL-Import Release|x64.Build.0 = Release|x64
		{DC72AD9E-F12F-4802-8BB8-F17A16BFCAEB}.DLL-Import Release|x86.ActiveCfg = Release|x64
		{DC72AD9E-F12F-4802-8BB8-F17A16BFCAEB}.DLL-Import Release|x86.Build.0 = Release|x64
		{DC72AD9E-F12F-4802-8BB8-F17A16BFCAEB}.MinSizeRel|x64.ActiveCfg = Release|x64
		{DC72AD9E-F12F-4802-8BB8-F17A16BFCAEB}.MinSizeRel|x64.Build.0 = Release|x64
		{DC72AD9E-F12F-4802-8BB8-F17A16BFCAEB}.MinSizeRel|x86.ActiveCfg = Release|x64
		{DC72AD9E-F12F-4802-8BB8-F17A16BFCAEB}.MinSizeRel|x86.Build.0 = Release|x64
		{DC72AD9E-F12F-4802-8BB8-F17A16BFCAEB}.Release|x64.ActiveCfg = Release|x64
		{DC72AD9E-F12F-4802-8BB8-F17A16BFCAEB}.Release|x64.Build.0 = Release|x64
		{DC72AD9E-F12F-4802-8BB8-F17A16BFCAEB}.Release|x86.ActiveCfg = Release|x64
		{DC72AD9E-F12F-4802-8BB8-F17A16BFCAEB}.Release|x86.Build.0 = Release|x64
		{DC72AD9E-F12F-4802-8BB8-F17A16BFCAEB}.RelWithDebInfo|x64.ActiveCfg = Release|x64
		{DC72AD9E-F12F-4802-8BB8-F17A16BFCAEB}.RelWithDebInfo|x64.Build.0 = Release|x64
		{DC72AD9E-F12F-4802-8BB8-F17A16BFCAEB}.RelWithDebInfo|x86.ActiveCfg = Release|x64
		{DC72AD9E-F12F-4802-8BB8-F17A16BFCAEB}.RelWithDebInfo|x86.Build.0 = Release|x64
		{6A8085A2-4DD0-4726-A667-ED873020AAB7}.Debug|x64.ActiveCfg = Debug|x64
		{6A8085A2-4DD0-4726-A667-ED873020AAB7}.Debug|x64.Build.0 = Debug|x64
		{6A8085A2-4DD0-4726-A667-ED873020AAB7}.Debug|x86.ActiveCfg = Debug|x64
		{6A8085A2-4DD0-4726-A667-ED873020AAB7}.Debug|x86.Build.0 = Debug|x64
		{6A8085A2-4DD0-4726-A667-ED873020AAB7}.DLL-Import Debug|x64.ActiveCfg = Debug|x64
		{6A8085A2-4DD0-4726-A667-ED873020AAB7}.DLL-Import Debug|x64.Build.0 = Debug|x64
		{6A8085A2-4DD0-4726-A667-ED873020AAB7}.DLL-Import Debug|x86.ActiveCfg = Debug|x64
		{6A8085A2-4DD0-4726-A667-ED873020AAB7}.DLL-Import Debug|x86.Build.0 = Debug|x64
		{6A8085A2-4DD0-4726-A667-ED873020AAB7}.DLL-Import Release|x64.ActiveCfg = Release|x64
		{6A8085A2-4DD0-4726-A667-ED873020AAB7}.DLL-Import Release|x64.Build.0 = Release|x64
		{6A8085A2-4DD0-4726-A667-ED873020AAB7}.DLL-Import Release|x86.ActiveCfg = Release|x64
		{6A8085A2-4DD0-4726-A667-ED873020AAB7}.DLL-Import Release|x86.Build.0 = Release|x64
		{6A8085A2-4DD0-4726-A667-ED873020AAB7}.MinSizeRel|x64.ActiveCfg = Release|x64
		{6A8085A2-4DD0-4726-A667-ED873020AAB7}.MinSizeRel|x64.Build.0 = Release|x64
		{6A8085A2-4DD0-4726-A667-ED873020AAB7}.MinSizeRel|x86.ActiveCfg = Release|x64
		{6A8085A2-4DD0-4726-A667-ED873020AAB7}.MinSizeRel|x86.Build.0 = Release|x64
		{6A8085A2-4DD0-4726-A667-ED873020AAB7}.Release|x64.ActiveCfg = Release|x64
		{6A8085A2-4DD0-4726-A667-ED873020AAB7}.Release|x64.Build.0 = Release|x64
		{6A8085A2-4DD0-4726-A667-ED873020AAB7}.Release|x86.ActiveCfg = Release|x64
		{6A8085A2-4DD0-4726-A667-ED873020AAB7}.Release|x86.Build.0 = Release|x64
		{6A8085A2-4DD0-4726-A667-ED873020AAB7}.RelWithDebInfo|x64.ActiveCfg = Release|x64
		{6A8085A2-4DD0-4726-A667-ED873020AAB7}.RelWithDebInfo|x64.Build.0 = Release|x64
		{6A8085A2-4DD0-4726-A667-ED873020AAB7}.RelWithDebInfo|x86.ActiveCfg = Release|x64
		{6A8085A2-4DD0-4726-A667-ED873020AAB7}.RelWithDebInfo|x86.Build.0 = Release|x64
		{DC456E49-7FC6-4BB9-B8A1-C879A37F2A1C}.Debug|x64.ActiveCfg = Debug|x64
		{DC456E49-7FC6-4BB9-B8A1-C879A37F2A1C}.Debug|x64.Build.0 = Debug|x64
		{DC456E49-7FC6-4BB9-B8A1-C879A37F2A1C}.Debug|x86.ActiveCfg = Debug|x64
		{DC456E49-7FC6-4BB9-B8A1-C879A37F2A1C}.Debug|x86.Build.0 = Debug|x64
		{DC456E49-7FC6-4BB9-B8A1-C879A37F2A1C}.DLL-Import Debug|x64.ActiveCfg = Debug|x64
		{DC456E49-7FC6-4BB9-B8A1-C879A37F2A1C}.DLL-Import Debug|x64.Build.0 = Debug|x64
		{DC456E49-7FC6-4BB9-B8A1-C879A37F2A1C}.DLL-Import Debug|x86.ActiveCfg = Debug|x64
		{DC456E49-7FC6-4BB9-B8A1-C879A37F2A1C}.DLL-Import Debug|x86.Build.0 = Debug|x64
		{DC456E49-7FC6-4BB9-B8A1-C879A37F2A1C}.DLL-Import Release|x64.ActiveCfg = Release|x64
		{DC456E49-7FC6-4BB9-B8A1-C879A37F2A1C}.DLL-Import Release|x64.Build.0 = Release|x64
		{DC456E49-7FC6-4BB9-B8A1-C879A37F2A1C}.DLL-Import Release|x86.ActiveCfg = Release|x64
		{DC456E49-7FC6-4BB9-B8A1-C879A37F2A1C}.DLL-Import Release|x86.Build.0 = Release|x64
		{DC456E49-7FC6-4BB9-B8A1-C879A37F2A1C}.MinSizeRel|x64.ActiveCfg = Release|x64
		{DC456E49-7FC6-4BB9-B8A1-C879A37F2A1C}.MinSizeRel|x64.Build.0 = Release|x64
		{DC456E49-7FC6-4BB9-B8A1-C879A37F2A1C}.MinSizeRel|x86.ActiveCfg = Release|x64
		{DC456E49-7FC6-4BB9-B8A1-C879A37F2A1C}.MinSizeRel|x86.Build.0 = Release|x64
		{DC456E49-7FC6-4BB9-B8A1-C879A37F2A1C}.Release|x64.ActiveCfg = Release|x64
		{DC456E49-7FC6-4BB9-B8A1-C879A37F2A1C}.Release|x64.Build.0 = Release|x64
		{DC456E49-7FC6-4BB9-B8A1-C879A37F2A1C}.Release|x86.ActiveCfg = Release|x64
		{DC456E49-7FC6-4BB9-B8A1-C879A37F2A1C}.Release|x86.Build.0 = Release|x64
		{DC456E49-7FC6-4BB9-B8A1-C879A37F2A1C}.RelWithDebInfo|x64.ActiveCfg = Release|x64
		{DC456E49-7FC6-4BB9-B8A1-C879A37F2A1C}.RelWithDebInfo|x64.Build.0 = Release|x64
		{DC456E49-7FC6-4BB9-B8A1-C879A37F2A1C}.RelWithDebInfo|x86.ActiveCfg = Release|x64
		{DC456E49-7FC6-4BB9-B8A1-C879A37F2A1C}.RelWithDebInfo|x86.Build.0 = Release|x64
		{31FB1B73-F4C5-414B-A27D-AB0DC194BC61}.Debug|x64.ActiveCfg = Debug|x64
		{31FB1B73-F4C5-414B-A27D-AB0DC194BC61}.Debug|x64.Build.0 = Debug|x64
		{31FB1B73-F4C5-414B-A27D-AB0DC194BC61}.Debug|x86.ActiveCfg = Debug|x64
		{31FB1B73-F4C5-414B-A27D-AB0DC194BC61}.Debug|x86.Build.0 = Debug|x64
		{31FB1B73-F4C5-414B-A27D-AB0DC194BC61}.DLL-Import Debug|x64.ActiveCfg = Debug|x64
		{31FB1B73-F4C5-414B-A27D-AB0DC194BC61}.DLL-Import Debug|x64.Build.0 = Debug|x64
		{31FB1B73-F4C5-414B-A27D-AB0DC194BC61}.DLL-Import Debug|x86.ActiveCfg = Debug|x64
		{31FB1B73-F4C5-414B-A27D-AB0DC194BC61}.DLL-Import Debug|x86.Build.0 = Debug|x64
		{31FB1B73-F4C5-414B-A27D-AB0DC194BC61}.DLL-Import Release|x64.ActiveCfg = Release|x64
		{31FB1B73-F4C5-414B-A27D-AB0DC194BC61}.DLL-Import Release|x64.Build.0 = Release|x64
		{31FB1B73-F4C5-414B-A27D-AB0DC194BC61}.DLL-Import Release|x86.ActiveCfg = Release|x64
		{31FB1B73-F4C5-414B-A27D-AB0DC194BC61}.DLL-Import Release|x86.Build.0 = Release|x64
		{31FB1B73-F4C5-414B-A27D-AB0DC194BC61}.MinSizeRel|x64.ActiveCfg = Release|x64
		{31FB1B73-F4C5-414B-A27D-AB0DC194BC61}.MinSizeRel|x64.Build.0 = Release|x64
		{31FB1B73-F4C5-414B-A27D-AB0DC194BC61}.MinSizeRel|x86.ActiveCfg = Release|x64
		{31FB1B73-F4C5-414B-A27D-AB0DC194BC61}.MinSizeRel|x86.Build.0 = Release|x64
		{31FB1B73-F4C5-414B-A27D-AB0DC194BC61}.Release|x64.ActiveCfg = Release|x64
		{31FB1B73-F4C5-414B-A27D-AB0DC194BC61}.Release|x64.Build.0 = Release|x64
		{31FB1B73-F4C5-414B-A27D-AB0DC194BC61}.Release|x86.ActiveCfg = Release|x64
		{31FB1B73-F4C5-414B-A27D-AB0DC194BC61}.Release|x86.Build.0 = Release|x64
		{31FB1B73-F4C5-414B-A27D-AB0DC194BC61}.RelWithDebInfo|x64.ActiveCfg = Release|x64
		{31FB1B73-F4C5-414B-A27D-AB0DC194BC61}.RelWithDebInfo|x64.Build.0 = Release|x64
		{31FB1B73-F4C5-414B-A27D-AB0DC194BC61}.RelWithDebInfo|x86.ActiveCfg = Release|x64
		{31FB1B73-F4C5-414B-A27D-AB0DC194BC61}.RelWithDebInfo|x86.Build.0 = Release|x64
		{0E701104-CD9A-45C0-8E32-3284DBDEAF5E}.Debug|x64.ActiveCfg = Debug|x64
		{0E701104-CD9A-45C0-8E32-3284DBDEAF5E}.Debug|x64.Build.0 = Debug|x64
		{0E701104-CD9A-45C0-8E32-3284DBDEAF5E}.Debug|x86.ActiveCfg = Debug|x64
		{0E701104-CD9A-45C0-8E32-3284DBDEAF5E}.Debug|x86.Build.0 = Debug|x64
		{0E701104-CD9A-45C0-8E32-3284DBDEAF5E}.DLL-Import Debug|x64.ActiveCfg = Debug|x64
		{0E701104-CD9A-45C0-8E32-3284DBDEAF5E}.DLL-Import Debug|x64.Build.0 = Debug|x64
		{0E701104-CD9A-45C0-8E32-3284DBDEAF5E}.DLL-Import Debug|x86.ActiveCfg = Debug|x64
		{0E701104-CD9A-45C0-8E32-3284DBDEAF5E}.DLL-Import Debug|x86.Build.0 = Debug|x64
		{0E701104-CD9A-45C0-8E32-3284DBDEAF5E}.DLL-Import Release|x64.ActiveCfg = Release|x64
		{0E701104-CD9A-45C0-8E32-3284DBDEAF5E}.DLL-Import Release|x64.Build.0 = Release|x64
		{0E701104-CD9A-45C0-8E32-3284DBDEAF5E}.DLL-Import Release|x86.ActiveCfg = Release|x64
		{0E701104-CD9A-45C0-8E32-3284DBDEAF5E}.DLL-Import Release|x86.Build.0 = Release|x64
		{0E701104-CD9A-45C0-8E32-3284DBDEAF5E}.MinSizeRel|x64.ActiveCfg = Release|x64
		{0E701104-CD9A-45C0-8E32-3284DBDEAF5E}.MinSizeRel|x64.Build.0 = Release|x64
		{0E701104-CD9A-45C0-8E32-3284DBDEAF5E}.MinSizeRel|x86.ActiveCfg = Release|x64
		{0E701104-CD9A-45C0-8E32-3284DBDEAF5E}.MinSizeRel|x86.Build.0 = Release|x64
		{0E701104-CD9A-45C0-8E32-3284DBDEAF5E}.Release|x64.ActiveCfg = Release|x64
		{0E701104-CD9A-45C0-8E32-3284DBDEAF5E}.Release|x64.Build.0 = Release|x64
		{0E701104-CD9A-45C0-8E32-3284DBDEAF5E}.Release|x86.ActiveCfg = Release|x64
		{0E701104-CD9A-45C0-8E32-3284DBDEAF5E}.Release|x86.Build.0 = Release|x64
		{0E701104-CD9A-45C0-8E32-3284DBDEAF5E}.RelWithDebInfo|x64.ActiveCfg = Release|x64
		{0E701104-CD9A-45C0-8E32-3284DBDEAF5E}.RelWithDebInfo|x64.Build.0 = Release|x64
		{0E701104-CD9A-45C0-8E32-3284DBDEAF5E}.RelWithDebInfo|x86.ActiveCfg = Release|x64
		{0E701104-CD9A-45C0-8E32-3284DBDEAF5E}.RelWithDebInfo|x86.Build.0 = Release|x64
		{81CE8DAF-EBB2-4761-8E45-B71ABCCA8C68}.Debug|x64.ActiveCfg = Debug|x64
		{81CE8DAF-EBB2-4761-8E45-B71ABCCA8C68}.Debug|x64.Build.0 = Debug|x64
		{81CE8DAF-EBB2-4761-8E45-B71ABCCA8C68}.Debug|x86.ActiveCfg = Debug|Win32
		{81CE8DAF-EBB2-4761-8E45-B71ABCCA8C68}.Debug|x86.Build.0 = Debug|Win32
		{81CE8DAF-EBB2-4761-8E45-B71ABCCA8C68}.DLL-Import Debug|x64.ActiveCfg = Debug|x64
		{81CE8DAF-EBB2-4761-8E45-B71ABCCA8C68}.DLL-Import Debug|x64.Build.0 = Debug|x64
		{81CE8DAF-EBB2-4761-8E45-B71ABCCA8C68}.DLL-Import Debug|x86.ActiveCfg = Debug|Win32
		{81CE8DAF-EBB2-4761-8E45-B71ABCCA8C68}.DLL-Import Debug|x86.Build.0 = Debug|Win32
		{81CE8DAF-EBB2-4761-8E45-B71ABCCA8C68}.DLL-Import Release|x64.ActiveCfg = Release|x64
		{81CE8DAF-EBB2-4761-8E45-B71ABCCA8C68}.DLL-Import Release|x64.Build.0 = Release|x64
		{81CE8DAF-EBB2-4761-8E45-B71ABCCA8C68}.DLL-Import Release|x86.ActiveCfg = Release|Win32
		{81CE8DAF-EBB2-4761-8E45-B71ABCCA8C68}.DLL-Import Release|x86.Build.0 = Release|Win32
		{81CE8DAF-EBB2-4761-8E45-B71ABCCA8C68}.MinSizeRel|x64.ActiveCfg = Release|x64
		{81CE8DAF-EBB2-4761-8E45-B71ABCCA8C68}.MinSizeRel|x64.Build.0 = Release|x64
		{81CE8DAF-EBB2-4761-8E45-B71ABCCA8C68}.MinSizeRel|x86.ActiveCfg = Release|Win32
		{81CE8DAF-EBB2-4761-8E45-B71ABCCA8C68}.MinSizeRel|x86.Build.0 = Release|Win32
		{81CE8DAF-EBB2-4761-8E45-B71ABCCA8C68}.Release|x64.ActiveCfg = Release|x64
		{81CE8DAF-EBB2-4761-8E45-B71ABCCA8C68}.Release|x64.Build.0 = Release|x64
		{81CE8DAF-EBB2-4761-8E45-B71ABCCA8C68}.Release|x86.ActiveCfg = Release|Win32
		{81CE8DAF-EBB2-4761-8E45-B71ABCCA8C68}.Release|x86.Build.0 = Release|Win32
		{81CE8DAF-EBB2-4761-8E45-B71ABCCA8C68}.RelWithDebInfo|x64.ActiveCfg = Release|x64
		{81CE8DAF-EBB2-4761-8E45-B71ABCCA8C68}.RelWithDebInfo|x64.Build.0 = Release|x64
		{81CE8DAF-EBB2-4761-8E45-B71ABCCA8C68}.RelWithDebInfo|x86.ActiveCfg = Release|Win32
		{81CE8DAF-EBB2-4761-8E45-B71ABCCA8C68}.RelWithDebInfo|x86.Build.0 = Release|Win32
		{1942083A-03D9-4D76-B644-A3FA2A118A35}.Debug|x64.ActiveCfg = Debug|x64
		{1942083A-03D9-4D76-B644-A3FA2A118A35}.Debug|x64.Build.0 = Debug|x64
		{1942083A-03D9-4D76-B644-A3FA2A118A35}.Debug|x86.ActiveCfg = Debug|x64
		{1942083A-03D9-4D76-B644-A3FA2A118A35}.Debug|x86.Build.0 = Debug|x64
		{1942083A-03D9-4D76-B644-A3FA2A118A35}.DLL-Import Debug|x64.ActiveCfg = Debug|x64
		{1942083A-03D9-4D76-B644-A3FA2A118A35}.DLL-Import Debug|x64.Build.0 = Debug|x64
		{1942083A-03D9-4D76-B644-A3FA2A118A35}.DLL-Import Debug|x86.ActiveCfg = Debug|x64
		{1942083A-03D9-4D76-B644-A3FA2A118A35}.DLL-Import Debug|x86.Build.0 = Debug|x64
		{1942083A-03D9-4D76-B644-A3FA2A118A35}.DLL-Import Release|x64.ActiveCfg = Release|x64
		{1942083A-03D9-4D76-B644-A3FA2A118A35}.DLL-Import Release|x64.Build.0 = Release|x64
		{1942083A-03D9-4D76-B644-A3FA2A118A35}.DLL-Import Release|x86.ActiveCfg = Release|x64
		{1942083A-03D9-4D76-B644-A3FA2A118A35}.DLL-Import Release|x86.Build.0 = Release|x64
		{1942083A-03D9-4D76-B644-A3FA2A118A35}.MinSizeRel|x64.ActiveCfg = Release|x64
		{1942083A-03D9-4D76-B644-A3FA2A118A35}.MinSizeRel|x64.Build.0 = Release|x64
		{1942083A-03D9-4D76-B644-A3FA2A118A35}.MinSizeRel|x86.ActiveCfg = Release|x64
		{1942083A-03D9-4D76-B644-A3FA2A118A35}.MinSizeRel|x86.Build.0 = Release|x64
		{1942083A-03D9-4D76-B644-A3FA2A118A35}.Release|x64.ActiveCfg = Release|x64
		{1942083A-03D9-4D76-B644-A3FA2A118A35}.Release|x64.Build.0 = Release|x64
		{1942083A-03D9-4D76-B644-A3FA2A118A35}.Release|x86.ActiveCfg = Release|x64
		{1942083A-03D9-4D76-B644-A3FA2A118A35}.Release|x86.Build.0 = Release|x64
		{1942083A-03D9-4D76-B644-A3FA2A118A35}.RelWithDebInfo|x64.ActiveCfg = Release|x64
		{1942083A-03D9-4D76-B644-A3FA2A118A35}.RelWithDebInfo|x64.Build.0 = Release|x64
		{1942083A-03D9-4D76-B644-A3FA2A118A35}.RelWithDebInfo|x86.ActiveCfg = Release|x64
		{1942083A-03D9-4D76-B644-A3FA2A118A35}.RelWithDebInfo|x86.Build.0 = Release|x64
		{8FC77C68-CE93-45CE-B753-68ABE36BCDDB}.Debug|x64.ActiveCfg = Debug|x64
		{8FC77C68-CE93-45CE-B753-68ABE36BCDDB}.Debug|x64.Build.0 = Debug|x64
		{8FC77C68-CE93-45CE-B753-68ABE36BCDDB}.Debug|x86.ActiveCfg = Debug|x64
		{8FC77C68-CE93-45CE-B753-68ABE36BCDDB}.Debug|x86.Build.0 = Debug|x64
		{8FC77C68-CE93-45CE-B753-68ABE36BCDDB}.DLL-Import Debug|x64.ActiveCfg = Debug|x64
		{8FC77C68-CE93-45CE-B753-68ABE36BCDDB}.DLL-Import Debug|x64.Build.0 = Debug|x64
		{8FC77C68-CE93-45CE-B753-68ABE36BCDDB}.DLL-Import Debug|x86.ActiveCfg = Debug|x64
		{8FC77C68-CE93-45CE-B753-68ABE36BCDDB}.DLL-Import Debug|x86.Build.0 = Debug|x64
		{8FC77C68-CE93-45CE-B753-68ABE36BCDDB}.DLL-Import Release|x64.ActiveCfg = Release|x64
		{8FC77C68-CE93-45CE-B753-68ABE36BCDDB}.DLL-Import Release|x64.Build.0 = Release|x64
		{8FC77C68-CE93-45CE-B753-68ABE36BCDDB}.DLL-Import Release|x86.ActiveCfg = Release|x64
		{8FC77C68-CE93-45CE-B753-68ABE36BCDDB}.DLL-Import Release|x86.Build.0 = Release|x64
		{8FC77C68-CE93-45CE-B753-68ABE36BCDDB}.MinSizeRel|x64.ActiveCfg = Release|x64
		{8FC77C68-CE93-45CE-B753-68ABE36BCDDB}.MinSizeRel|x64.Build.0 = Release|x64
		{8FC77C68-CE93-45CE-B753-68ABE36BCDDB}.MinSizeRel|x86.ActiveCfg = Release|x64
		{8FC77C68-CE93-45CE-B753-68ABE36BCDDB}.MinSizeRel|x86.Build.0 = Release|x64
		{8FC77C68-CE93-45CE-B753-68ABE36BCDDB}.Release|x64.ActiveCfg = Release|x64
		{8FC77C68-CE93-45CE-B753-68ABE36BCDDB}.Release|x64.Build.0 = Release|x64
		{8FC77C68-CE93-45CE-B753-68ABE36BCDDB}.Release|x86.ActiveCfg = Release|x64
		{8FC77C68-CE93-45CE-B753-68ABE36BCDDB}.Release|x86.Build.0 = Release|x64
		{8FC77C68-CE93-45CE-B753-68ABE36BCDDB}.RelWithDebInfo|x64.ActiveCfg = Release|x64
		{8FC77C68-CE93-45CE-B753-68ABE36BCDDB}.RelWithDebInfo|x64.Build.0 = Release|x64
		{8FC77C68-CE93-45CE-B753-68ABE36BCDDB}.RelWithDebInfo|x86.ActiveCfg = Release|x64
		{8FC77C68-CE93-45CE-B753-68ABE36BCDDB}.RelWithDebInfo|x86.Build.0 = Release|x64
		{88BC2D60-A093-4E61-B194-59AB8BE4E33E}.Debug|x64.ActiveCfg = Debug|x64
		{88BC2D60-A093-4E61-B194-59AB8BE4E33E}.Debug|x64.Build.0 = Debug|x64
		{88BC2D60-A093-4E61-B194-59AB8BE4E33E}.Debug|x86.ActiveCfg = Debug|Win32
		{88BC2D60-A093-4E61-B194-59AB8BE4E33E}.Debug|x86.Build.0 = Debug|Win32
		{88BC2D60-A093-4E61-B194-59AB8BE4E33E}.DLL-Import Debug|x64.ActiveCfg = Debug|x64
		{88BC2D60-A093-4E61-B194-59AB8BE4E33E}.DLL-Import Debug|x64.Build.0 = Debug|x64
		{88BC2D60-A093-4E61-B194-59AB8BE4E33E}.DLL-Import Debug|x86.ActiveCfg = Debug|Win32
		{88BC2D60-A093-4E61-B194-59AB8BE4E33E}.DLL-Import Debug|x86.Build.0 = Debug|Win32
		{88BC2D60-A093-4E61-B194-59AB8BE4E33E}.DLL-Import Release|x64.ActiveCfg = Release|x64
		{88BC2D60-A093-4E61-B194-59AB8BE4E33E}.DLL-Import Release|x64.Build.0 = Release|x64
		{88BC2D60-A093-4E61-B194-59AB8BE4E33E}.DLL-Import Release|x86.ActiveCfg = Release|Win32
		{88BC2D60-A093-4E61-B194-59AB8BE4E33E}.DLL-Import Release|x86.Build.0 = Release|Win32
		{88BC2D60-A093-4E61-B194-59AB8BE4E33E}.MinSizeRel|x64.ActiveCfg = Release|x64
		{88BC2D60-A093-4E61-B194-59AB8BE4E33E}.MinSizeRel|x64.Build.0 = Release|x64
		{88BC2D60-A093-4E61-B194-59AB8BE4E33E}.MinSizeRel|x86.ActiveCfg = Release|Win32
		{88BC2D60-A093-4E61-B194-59AB8BE4E33E}.MinSizeRel|x86.Build.0 = Release|Win32
		{88BC2D60-A093-4E61-B194-59AB8BE4E33E}.Release|x64.ActiveCfg = Release|x64
		{88BC2D60-A093-4E61-B194-59AB8BE4E33E}.Release|x64.Build.0 = Release|x64
		{88BC2D60-A093-4E61-B194-59AB8BE4E33E}.Release|x86.ActiveCfg = Release|Win32
		{88BC2D60-A093-4E61-B194-59AB8BE4E33E}.Release|x86.Build.0 = Release|Win32
		{88BC2D60-A093-4E61-B194-59AB8BE4E33E}.RelWithDebInfo|x64.ActiveCfg = Release|x64
		{88BC2D60-A093-4E61-B194-59AB8BE4E33E}.RelWithDebInfo|x64.Build.0 = Release|x64
		{88BC2D60-A093-4E61-B194-59AB8BE4E33E}.RelWithDebInfo|x86.ActiveCfg = Release|Win32
		{88BC2D60-A093-4E61-B194-59AB8BE4E33E}.RelWithDebInfo|x86.Build.0 = Release|Win32
		{42214A91-2EEF-4717-BD99-6FD7FCCF2DBE}.Debug|x64.ActiveCfg = Debug|x64
		{42214A91-2EEF-4717-BD99-6FD7FCCF2DBE}.Debug|x64.Build.0 = Debug|x64
		{42214A91-2EEF-4717-BD99-6FD7FCCF2DBE}.Debug|x86.ActiveCfg = Debug|Win32
		{42214A91-2EEF-4717-BD99-6FD7FCCF2DBE}.Debug|x86.Build.0 = Debug|Win32
		{42214A91-2EEF-4717-BD99-6FD7FCCF2DBE}.DLL-Import Debug|x64.ActiveCfg = Debug|x64
		{42214A91-2EEF-4717-BD99-6FD7FCCF2DBE}.DLL-Import Debug|x64.Build.0 = Debug|x64
		{42214A91-2EEF-4717-BD99-6FD7FCCF2DBE}.DLL-Import Debug|x86.ActiveCfg = Debug|Win32
		{42214A91-2EEF-4717-BD99-6FD7FCCF2DBE}.DLL-Import Debug|x86.Build.0 = Debug|Win32
		{42214A91-2EEF-4717-BD99-6FD7FCCF2DBE}.DLL-Import Release|x64.ActiveCfg = Release|x64
		{42214A91-2EEF-4717-BD99-6FD7FCCF2DBE}.DLL-Import Release|x64.Build.0 = Release|x64
		{42214A91-2EEF-4717-BD99-6FD7FCCF2DBE}.DLL-Import Release|x86.ActiveCfg = Release|Win32
		{42214A91-2EEF-4717-BD99-6FD7FCCF2DBE}.DLL-Import Release|x86.Build.0 = Release|Win32
		{42214A91-2EEF-4717-BD99-6FD7FCCF2DBE}.MinSizeRel|x64.ActiveCfg = Release|x64
		{42214A91-2EEF-4717-BD99-6FD7FCCF2DBE}.MinSizeRel|x64.Build.0 = Release|x64
		{42214A91-2EEF-4717-BD99-6FD7FCCF2DBE}.MinSizeRel|x86.ActiveCfg = Release|Win32
		{42214A91-2EEF-4717-BD99-6FD7FCCF2DBE}.MinSizeRel|x86.Build.0 = Release|Win32
		{42214A91-2EEF-4717-BD99-6FD7FCCF2DBE}.Release|x64.ActiveCfg = Release|x64
		{42214A91-2EEF-4717-BD99-6FD7FCCF2DBE}.Release|x64.Build.0 = Release|x64
		{42214A91-2EEF-4717-BD99-6FD7FCCF2DBE}.Release|x86.ActiveCfg = Release|Win32
		{42214A91-2EEF-4717-BD99-6FD7FCCF2DBE}.Release|x86.Build.0 = Release|Win32
		{42214A91-2EEF-4717-BD99-6FD7FCCF2DBE}.RelWithDebInfo|x64.ActiveCfg = Release|x64
		{42214A91-2EEF-4717-BD99-6FD7FCCF2DBE}.RelWithDebInfo|x64.Build.0 = Release|x64
		{42214A91-2EEF-4717-BD99-6FD7FCCF2DBE}.RelWithDebInfo|x86.ActiveCfg = Release|Win32
		{42214A91-2EEF-4717-BD99-6FD7FCCF2DBE}.RelWithDebInfo|x86.Build.0 = Release|Win32
		{4515FB9A-87BB-415B-94E5-0B979F237757}.Debug|x64.ActiveCfg = Debug|x64
		{4515FB9A-87BB-415B-94E5-0B979F237757}.Debug|x64.Build.0 = Debug|x64
		{4515FB9A-87BB-415B-94E5-0B979F237757}.Debug|x86.ActiveCfg = Debug|Win32
		{4515FB9A-87BB-415B-94E5-0B979F237757}.Debug|x86.Build.0 = Debug|Win32
		{4515FB9A-87BB-415B-94E5-0B979F237757}.DLL-Import Debug|x64.ActiveCfg = Debug|x64
		{4515FB9A-87BB-415B-94E5-0B979F237757}.DLL-Import Debug|x64.Build.0 = Debug|x64
		{4515FB9A-87BB-415B-94E5-0B979F237757}.DLL-Import Debug|x86.ActiveCfg = Debug|Win32
		{4515FB9A-87BB-415B-94E5-0B979F237757}.DLL-Import Debug|x86.Build.0 = Debug|Win32
		{4515FB9A-87BB-415B-94E5-0B979F237757}.DLL-Import Release|x64.ActiveCfg = Release|x64
		{4515FB9A-87BB-415B-94E5-0B979F237757}.DLL-Import Release|x64.Build.0 = Release|x64
		{4515FB9A-87BB-415B-94E5-0B979F237757}.DLL-Import Release|x86.ActiveCfg = Release|Win32
		{4515FB9A-87BB-415B-94E5-0B979F237757}.DLL-Import Release|x86.Build.0 = Release|Win32
		{4515FB9A-87BB-415B-94E5-0B979F237757}.MinSizeRel|x64.ActiveCfg = Release|x64
		{4515FB9A-87BB-415B-94E5-0B979F237757}.MinSizeRel|x64.Build.0 = Release|x64
		{4515FB9A-87BB-415B-94E5-0B979F237757}.MinSizeRel|x86.ActiveCfg = Release|Win32
		{4515FB9A-87BB-415B-94E5-0B979F237757}.MinSizeRel|x86.Build.0 = Release|Win32
		{4515FB9A-87BB-415B-94E5-0B979F237757}.Release|x64.ActiveCfg = Release|x64
		{4515FB9A-87BB-415B-94E5-0B979F237757}.Release|x64.Build.0 = Release|x64
		{4515FB9A-87BB-415B-94E5-0B979F237757}.Release|x86.ActiveCfg = Release|Win32
		{4515FB9A-87BB-415B-94E5-0B979F237757}.Release|x86.Build.0 = Release|Win32
		{4515FB9A-87BB-415B-94E5-0B979F237757}.RelWithDebInfo|x64.ActiveCfg = Release|x64
		{4515FB9A-87BB-415B-94E5-0B979F237757}.RelWithDebInfo|x64.Build.0 = Release|x64
		{4515FB9A-87BB-415B-94E5-0B979F237757}.RelWithDebInfo|x86.ActiveCfg = Release|Win32
		{4515FB9A-87BB-415B-94E5-0B979F237757}.RelWithDebInfo|x86.Build.0 = Release|Win32
		{C39F4B46-6E89-4074-902E-CA57073044D2}.Debug|x64.ActiveCfg = Debug|x64
		{C39F4B46-6E89-4074-902E-CA57073044D2}.Debug|x64.Build.0 = Debug|x64
		{C39F4B46-6E89-4074-902E-CA57073044D2}.Debug|x86.ActiveCfg = Debug|Win32
		{C39F4B46-6E89-4074-902E-CA57073044D2}.Debug|x86.Build.0 = Debug|Win32
		{C39F4B46-6E89-4074-902E-CA57073044D2}.DLL-Import Debug|x64.ActiveCfg = DLL-Import Debug|x64
		{C39F4B46-6E89-4074-902E-CA57073044D2}.DLL-Import Debug|x64.Build.0 = DLL-Import Debug|x64
		{C39F4B46-6E89-4074-902E-CA57073044D2}.DLL-Import Debug|x86.ActiveCfg = DLL-Import Debug|Win32
		{C39F4B46-6E89-4074-902E-CA57073044D2}.DLL-Import Debug|x86.Build.0 = DLL-Import Debug|Win32
		{C39F4B46-6E89-4074-902E-CA57073044D2}.DLL-Import Release|x64.ActiveCfg = DLL-Import Release|x64
		{C39F4B46-6E89-4074-902E-CA57073044D2}.DLL-Import Release|x64.Build.0 = DLL-Import Release|x64
		{C39F4B46-6E89-4074-902E-CA57073044D2}.DLL-Import Release|x86.ActiveCfg = DLL-Import Release|Win32
		{C39F4B46-6E89-4074-902E-CA57073044D2}.DLL-Import Release|x86.Build.0 = DLL-Import Release|Win32
		{C39F4B46-6E89-4074-902E-CA57073044D2}.MinSizeRel|x64.ActiveCfg = DLL-Import Debug|x64
		{C39F4B46-6E89-4074-902E-CA57073044D2}.MinSizeRel|x64.Build.0 = DLL-Import Debug|x64
		{C39F4B46-6E89-4074-902E-CA57073044D2}.MinSizeRel|x86.ActiveCfg = Debug|Win32
		{C39F4B46-6E89-4074-902E-CA57073044D2}.MinSizeRel|x86.Build.0 = Debug|Win32
		{C39F4B46-6E89-4074-902E-CA57073044D2}.Release|x64.ActiveCfg = Release|x64
		{C39F4B46-6E89-4074-902E-CA57073044D2}.Release|x64.Build.0 = Release|x64
		{C39F4B46-6E89-4074-902E-CA57073044D2}.Release|x86.ActiveCfg = Release|Win32
		{C39F4B46-6E89-4074-902E-CA57073044D2}.Release|x86.Build.0 = Release|Win32
		{C39F4B46-6E89-4074-902E-CA57073044D2}.RelWithDebInfo|x64.ActiveCfg = Release|x64
		{C39F4B46-6E89-4074-902E-CA57073044D2}.RelWithDebInfo|x64.Build.0 = Release|x64
		{C39F4B46-6E89-4074-902E-CA57073044D2}.RelWithDebInfo|x86.ActiveCfg = Release|Win32
		{C39F4B46-6E89-4074-902E-CA57073044D2}.RelWithDebInfo|x86.Build.0 = Release|Win32
	EndGlobalSection
	GlobalSection(SolutionProperties) = preSolution
		HideSolutionNode = FALSE
	EndGlobalSection
	GlobalSection(NestedProjects) = preSolution
		{18F8C75E-3844-4AA6-AB93-980A08253519} = {3363D141-5FD1-4569-B1B0-EC59ABBA5FAC}
		{9579B31F-CE24-4852-A941-CD1AD71E2248} = {3363D141-5FD1-4569-B1B0-EC59ABBA5FAC}
		{B273A875-6618-49FE-8CA4-0B693BA264D5} = {2C6C4C79-2028-4165-8BA7-99EB6095A006}
		{1CC6BF42-D20F-4599-8619-290AF5FB4034} = {9D2825F8-4BEC-4D0A-B125-6390B554D519}
		{6DC4E2AF-1740-480B-A9E4-BA766BC6B58D} = {8814B724-617F-46D1-B29F-36C87F3472BF}
		{AD7B43E9-2416-4B39-829E-D9D2071479B1} = {9D2825F8-4BEC-4D0A-B125-6390B554D519}
		{8814B724-617F-46D1-B29F-36C87F3472BF} = {9D2825F8-4BEC-4D0A-B125-6390B554D519}
		{2C6C4C79-2028-4165-8BA7-99EB6095A006} = {9D2825F8-4BEC-4D0A-B125-6390B554D519}
		{EB0E2713-EB72-4F68-B6CF-F076D68ECA40} = {9D2825F8-4BEC-4D0A-B125-6390B554D519}
		{DC72AD9E-F12F-4802-8BB8-F17A16BFCAEB} = {EB0E2713-EB72-4F68-B6CF-F076D68ECA40}
		{6A8085A2-4DD0-4726-A667-ED873020AAB7} = {EB0E2713-EB72-4F68-B6CF-F076D68ECA40}
		{DC456E49-7FC6-4BB9-B8A1-C879A37F2A1C} = {EB0E2713-EB72-4F68-B6CF-F076D68ECA40}
		{31FB1B73-F4C5-414B-A27D-AB0DC194BC61} = {EB0E2713-EB72-4F68-B6CF-F076D68ECA40}
		{0E701104-CD9A-45C0-8E32-3284DBDEAF5E} = {EB0E2713-EB72-4F68-B6CF-F076D68ECA40}
		{81CE8DAF-EBB2-4761-8E45-B71ABCCA8C68} = {9D2825F8-4BEC-4D0A-B125-6390B554D519}
		{1942083A-03D9-4D76-B644-A3FA2A118A35} = {3363D141-5FD1-4569-B1B0-EC59ABBA5FAC}
		{88BC2D60-A093-4E61-B194-59AB8BE4E33E} = {9D2825F8-4BEC-4D0A-B125-6390B554D519}
		{42214A91-2EEF-4717-BD99-6FD7FCCF2DBE} = {3363D141-5FD1-4569-B1B0-EC59ABBA5FAC}
		{4515FB9A-87BB-415B-94E5-0B979F237757} = {3363D141-5FD1-4569-B1B0-EC59ABBA5FAC}
		{C39F4B46-6E89-4074-902E-CA57073044D2} = {9D2825F8-4BEC-4D0A-B125-6390B554D519}
	EndGlobalSection
	GlobalSection(ExtensibilityGlobals) = postSolution
		SolutionGuid = {5E5FE02E-6BCE-4BAF-9948-C56476039C3C}
	EndGlobalSection
EndGlobal
