<?xml version="1.0" encoding="utf-8"?>
<Project ToolsVersion="4.0" xmlns="http://schemas.microsoft.com/developer/msbuild/2003">
  <ItemGroup>
    <Filter Include="sdk">
      <UniqueIdentifier>{4FC737F1-C7A5-4376-A066-2A32D752A2FF}</UniqueIdentifier>
      <Extensions>cpp;c;cc;cxx;c++;cppm;ixx;def;odl;idl;hpj;bat;asm;asmx</Extensions>
    </Filter>
    <Filter Include="sdk\engine">
      <UniqueIdentifier>{7ec4619a-05f9-4949-937b-4b945edc3fe8}</UniqueIdentifier>
    </Filter>
    <Filter Include="sdk\tier1">
      <UniqueIdentifier>{82bd526b-7838-4923-8c87-b035f2d5d2c7}</UniqueIdentifier>
    </Filter>
    <Filter Include="sdk\public">
      <UniqueIdentifier>{033185e7-f6ca-4225-8ddb-089bf5bd5891}</UniqueIdentifier>
    </Filter>
    <Filter Include="core">
      <UniqueIdentifier>{a6970588-331b-4da5-bfcf-b6f6cf1d87ee}</UniqueIdentifier>
    </Filter>
    <Filter Include="sdk\tier2">
      <UniqueIdentifier>{99b7ba90-bc5d-4f07-a299-b68322c5ca63}</UniqueIdentifier>
    </Filter>
    <Filter Include="thirdparty">
      <UniqueIdentifier>{8459ce10-e58c-4fb4-9ec7-e2503f4014e5}</UniqueIdentifier>
    </Filter>
    <Filter Include="thirdparty\protobuf">
      <UniqueIdentifier>{7c7da8dd-043a-46b7-9413-832924e4574e}</UniqueIdentifier>
    </Filter>
    <Filter Include="sdk\tier0">
      <UniqueIdentifier>{7064c656-b1c1-4940-be0a-eeb46b78a221}</UniqueIdentifier>
    </Filter>
    <Filter Include="windows">
      <UniqueIdentifier>{2f5f6e2d-440a-472b-807d-aebfdf13dfe2}</UniqueIdentifier>
    </Filter>
  </ItemGroup>
  <ItemGroup>
    <ClCompile Include="..\core\stdafx.cpp">
      <Filter>core</Filter>
    </ClCompile>
    <ClCompile Include="..\tier2\socketcreator.cpp">
      <Filter>sdk\tier2</Filter>
    </ClCompile>
    <ClCompile Include="..\engine\net.cpp">
      <Filter>sdk\engine</Filter>
    </ClCompile>
    <ClCompile Include="..\netconsole\netconsole.cpp">
      <Filter>core</Filter>
    </ClCompile>
    <ClCompile Include="..\core\termutil.cpp">
      <Filter>core</Filter>
    </ClCompile>
    <ClCompile Include="..\protoc\sv_rcon.pb.cc">
      <Filter>thirdparty\protobuf</Filter>
    </ClCompile>
    <ClCompile Include="..\protoc\cl_rcon.pb.cc">
      <Filter>thirdparty\protobuf</Filter>
    </ClCompile>
    <ClCompile Include="..\public\utility\utility.cpp">
      <Filter>sdk\public</Filter>
    </ClCompile>
    <ClCompile Include="..\tier1\NetAdr.cpp">
      <Filter>sdk\tier1</Filter>
    </ClCompile>
    <ClCompile Include="..\tier0\dbg.cpp">
      <Filter>sdk\tier0</Filter>
    </ClCompile>
    <ClCompile Include="..\netconsole\plat_time.cpp">
      <Filter>core</Filter>
    </ClCompile>
    <ClCompile Include="..\windows\console.cpp">
      <Filter>windows</Filter>
    </ClCompile>
    <ClCompile Include="..\core\logdef.cpp">
      <Filter>core</Filter>
    </ClCompile>
  </ItemGroup>
  <ItemGroup>
    <ClInclude Include="..\core\stdafx.h">
      <Filter>core</Filter>
    </ClInclude>
    <ClInclude Include="..\tier2\socketcreator.h">
      <Filter>sdk\tier2</Filter>
    </ClInclude>
    <ClInclude Include="..\engine\net.h">
      <Filter>sdk\engine</Filter>
    </ClInclude>
    <ClInclude Include="..\netconsole\netconsole.h">
      <Filter>core</Filter>
    </ClInclude>
    <ClInclude Include="..\core\termutil.h">
      <Filter>core</Filter>
    </ClInclude>
    <ClInclude Include="..\protoc\sv_rcon.pb.h">
      <Filter>thirdparty\protobuf</Filter>
    </ClInclude>
    <ClInclude Include="..\protoc\cl_rcon.pb.h">
      <Filter>thirdparty\protobuf</Filter>
    </ClInclude>
    <ClInclude Include="..\public\utility\utility.h">
      <Filter>sdk\public</Filter>
    </ClInclude>
    <ClInclude Include="..\tier0\dbg.h">
      <Filter>sdk\tier0</Filter>
    </ClInclude>
    <ClInclude Include="..\tier1\NetAdr.h">
      <Filter>sdk\tier1</Filter>
    </ClInclude>
    <ClInclude Include="..\windows\console.h">
      <Filter>windows</Filter>
    </ClInclude>
    <ClInclude Include="..\core\logdef.h">
      <Filter>core</Filter>
    </ClInclude>
  </ItemGroup>
</Project>