<?xml version="1.0" encoding="utf-8"?>
<Project ToolsVersion="17.0" xmlns="http://schemas.microsoft.com/developer/msbuild/2003">
  <ItemGroup>
    <ClCompile Include="D:\Libraries\libtorrent\src\add_torrent_params.cpp">
      <Filter>Source Files</Filter>
    </ClCompile>
    <ClCompile Include="D:\Libraries\libtorrent\src\alert.cpp">
      <Filter>Source Files</Filter>
    </ClCompile>
    <ClCompile Include="D:\Libraries\libtorrent\src\alert_manager.cpp">
      <Filter>Source Files</Filter>
    </ClCompile>
    <ClCompile Include="D:\Libraries\libtorrent\src\announce_entry.cpp">
      <Filter>Source Files</Filter>
    </ClCompile>
    <ClCompile Include="D:\Libraries\libtorrent\src\assert.cpp">
      <Filter>Source Files</Filter>
    </ClCompile>
    <ClCompile Include="D:\Libraries\libtorrent\src\bandwidth_limit.cpp">
      <Filter>Source Files</Filter>
    </ClCompile>
    <ClCompile Include="D:\Libraries\libtorrent\src\bandwidth_manager.cpp">
      <Filter>Source Files</Filter>
    </ClCompile>
    <ClCompile Include="D:\Libraries\libtorrent\src\bandwidth_queue_entry.cpp">
      <Filter>Source Files</Filter>
    </ClCompile>
    <ClCompile Include="D:\Libraries\libtorrent\src\bdecode.cpp">
      <Filter>Source Files</Filter>
    </ClCompile>
    <ClCompile Include="D:\Libraries\libtorrent\src\bitfield.cpp">
      <Filter>Source Files</Filter>
    </ClCompile>
    <ClCompile Include="D:\Libraries\libtorrent\src\bloom_filter.cpp">
      <Filter>Source Files</Filter>
    </ClCompile>
    <ClCompile Include="D:\Libraries\libtorrent\src\bt_peer_connection.cpp">
      <Filter>Source Files</Filter>
    </ClCompile>
    <ClCompile Include="D:\Libraries\libtorrent\src\chained_buffer.cpp">
      <Filter>Source Files</Filter>
    </ClCompile>
    <ClCompile Include="D:\Libraries\libtorrent\src\choker.cpp">
      <Filter>Source Files</Filter>
    </ClCompile>
    <ClCompile Include="D:\Libraries\libtorrent\src\close_reason.cpp">
      <Filter>Source Files</Filter>
    </ClCompile>
    <ClCompile Include="D:\Libraries\libtorrent\src\copy_file.cpp">
      <Filter>Source Files</Filter>
    </ClCompile>
    <ClCompile Include="D:\Libraries\libtorrent\src\cpuid.cpp">
      <Filter>Source Files</Filter>
    </ClCompile>
    <ClCompile Include="D:\Libraries\libtorrent\src\crc32c.cpp">
      <Filter>Source Files</Filter>
    </ClCompile>
    <ClCompile Include="D:\Libraries\libtorrent\src\create_torrent.cpp">
      <Filter>Source Files</Filter>
    </ClCompile>
    <ClCompile Include="D:\Libraries\libtorrent\src\directory.cpp">
      <Filter>Source Files</Filter>
    </ClCompile>
    <ClCompile Include="D:\Libraries\libtorrent\src\disabled_disk_io.cpp">
      <Filter>Source Files</Filter>
    </ClCompile>
    <ClCompile Include="D:\Libraries\libtorrent\src\disk_buffer_holder.cpp">
      <Filter>Source Files</Filter>
    </ClCompile>
    <ClCompile Include="D:\Libraries\libtorrent\src\disk_buffer_pool.cpp">
      <Filter>Source Files</Filter>
    </ClCompile>
    <ClCompile Include="D:\Libraries\libtorrent\src\disk_interface.cpp">
      <Filter>Source Files</Filter>
    </ClCompile>
    <ClCompile Include="D:\Libraries\libtorrent\src\disk_io_thread_pool.cpp">
      <Filter>Source Files</Filter>
    </ClCompile>
    <ClCompile Include="D:\Libraries\libtorrent\src\disk_job_fence.cpp">
      <Filter>Source Files</Filter>
    </ClCompile>
    <ClCompile Include="D:\Libraries\libtorrent\src\disk_job_pool.cpp">
      <Filter>Source Files</Filter>
    </ClCompile>
    <ClCompile Include="D:\Libraries\libtorrent\src\entry.cpp">
      <Filter>Source Files</Filter>
    </ClCompile>
    <ClCompile Include="D:\Libraries\libtorrent\src\enum_net.cpp">
      <Filter>Source Files</Filter>
    </ClCompile>
    <ClCompile Include="D:\Libraries\libtorrent\src\error_code.cpp">
      <Filter>Source Files</Filter>
    </ClCompile>
    <ClCompile Include="D:\Libraries\libtorrent\src\escape_string.cpp">
      <Filter>Source Files</Filter>
    </ClCompile>
    <ClCompile Include="D:\Libraries\libtorrent\src\ffs.cpp">
      <Filter>Source Files</Filter>
    </ClCompile>
    <ClCompile Include="D:\Libraries\libtorrent\src\file.cpp">
      <Filter>Source Files</Filter>
    </ClCompile>
    <ClCompile Include="D:\Libraries\libtorrent\src\file_progress.cpp">
      <Filter>Source Files</Filter>
    </ClCompile>
    <ClCompile Include="D:\Libraries\libtorrent\src\file_storage.cpp">
      <Filter>Source Files</Filter>
    </ClCompile>
    <ClCompile Include="D:\Libraries\libtorrent\src\file_view_pool.cpp">
      <Filter>Source Files</Filter>
    </ClCompile>
    <ClCompile Include="D:\Libraries\libtorrent\src\fingerprint.cpp">
      <Filter>Source Files</Filter>
    </ClCompile>
    <ClCompile Include="D:\Libraries\libtorrent\src\generate_peer_id.cpp">
      <Filter>Source Files</Filter>
    </ClCompile>
    <ClCompile Include="D:\Libraries\libtorrent\src\gzip.cpp">
      <Filter>Source Files</Filter>
    </ClCompile>
    <ClCompile Include="D:\Libraries\libtorrent\src\hash_picker.cpp">
      <Filter>Source Files</Filter>
    </ClCompile>
    <ClCompile Include="D:\Libraries\libtorrent\src\hasher.cpp">
      <Filter>Source Files</Filter>
    </ClCompile>
    <ClCompile Include="D:\Libraries\libtorrent\src\hex.cpp">
      <Filter>Source Files</Filter>
    </ClCompile>
    <ClCompile Include="D:\Libraries\libtorrent\src\http_connection.cpp">
      <Filter>Source Files</Filter>
    </ClCompile>
    <ClCompile Include="D:\Libraries\libtorrent\src\http_parser.cpp">
      <Filter>Source Files</Filter>
    </ClCompile>
    <ClCompile Include="D:\Libraries\libtorrent\src\http_seed_connection.cpp">
      <Filter>Source Files</Filter>
    </ClCompile>
    <ClCompile Include="D:\Libraries\libtorrent\src\http_tracker_connection.cpp">
      <Filter>Source Files</Filter>
    </ClCompile>
    <ClCompile Include="D:\Libraries\libtorrent\src\i2p_stream.cpp">
      <Filter>Source Files</Filter>
    </ClCompile>
    <ClCompile Include="D:\Libraries\libtorrent\src\identify_client.cpp">
      <Filter>Source Files</Filter>
    </ClCompile>
    <ClCompile Include="D:\Libraries\libtorrent\src\instantiate_connection.cpp">
      <Filter>Source Files</Filter>
    </ClCompile>
    <ClCompile Include="D:\Libraries\libtorrent\src\ip_filter.cpp">
      <Filter>Source Files</Filter>
    </ClCompile>
    <ClCompile Include="D:\Libraries\libtorrent\src\ip_helpers.cpp">
      <Filter>Source Files</Filter>
    </ClCompile>
    <ClCompile Include="D:\Libraries\libtorrent\src\ip_notifier.cpp">
      <Filter>Source Files</Filter>
    </ClCompile>
    <ClCompile Include="D:\Libraries\libtorrent\src\ip_voter.cpp">
      <Filter>Source Files</Filter>
    </ClCompile>
    <ClCompile Include="D:\Libraries\libtorrent\src\listen_socket_handle.cpp">
      <Filter>Source Files</Filter>
    </ClCompile>
    <ClCompile Include="D:\Libraries\libtorrent\src\load_torrent.cpp">
      <Filter>Source Files</Filter>
    </ClCompile>
    <ClCompile Include="D:\Libraries\libtorrent\src\lsd.cpp">
      <Filter>Source Files</Filter>
    </ClCompile>
    <ClCompile Include="D:\Libraries\libtorrent\src\magnet_uri.cpp">
      <Filter>Source Files</Filter>
    </ClCompile>
    <ClCompile Include="D:\Libraries\libtorrent\src\merkle.cpp">
      <Filter>Source Files</Filter>
    </ClCompile>
    <ClCompile Include="D:\Libraries\libtorrent\src\merkle_tree.cpp">
      <Filter>Source Files</Filter>
    </ClCompile>
    <ClCompile Include="D:\Libraries\libtorrent\src\mmap.cpp">
      <Filter>Source Files</Filter>
    </ClCompile>
    <ClCompile Include="D:\Libraries\libtorrent\src\mmap_disk_io.cpp">
      <Filter>Source Files</Filter>
    </ClCompile>
    <ClCompile Include="D:\Libraries\libtorrent\src\mmap_disk_job.cpp">
      <Filter>Source Files</Filter>
    </ClCompile>
    <ClCompile Include="D:\Libraries\libtorrent\src\mmap_storage.cpp">
      <Filter>Source Files</Filter>
    </ClCompile>
    <ClCompile Include="D:\Libraries\libtorrent\src\natpmp.cpp">
      <Filter>Source Files</Filter>
    </ClCompile>
    <ClCompile Include="D:\Libraries\libtorrent\src\packet_buffer.cpp">
      <Filter>Source Files</Filter>
    </ClCompile>
    <ClCompile Include="D:\Libraries\libtorrent\src\parse_url.cpp">
      <Filter>Source Files</Filter>
    </ClCompile>
    <ClCompile Include="D:\Libraries\libtorrent\src\part_file.cpp">
      <Filter>Source Files</Filter>
    </ClCompile>
    <ClCompile Include="D:\Libraries\libtorrent\src\path.cpp">
      <Filter>Source Files</Filter>
    </ClCompile>
    <ClCompile Include="D:\Libraries\libtorrent\src\peer_class.cpp">
      <Filter>Source Files</Filter>
    </ClCompile>
    <ClCompile Include="D:\Libraries\libtorrent\src\peer_class_set.cpp">
      <Filter>Source Files</Filter>
    </ClCompile>
    <ClCompile Include="D:\Libraries\libtorrent\src\peer_connection.cpp">
      <Filter>Source Files</Filter>
    </ClCompile>
    <ClCompile Include="D:\Libraries\libtorrent\src\peer_connection_handle.cpp">
      <Filter>Source Files</Filter>
    </ClCompile>
    <ClCompile Include="D:\Libraries\libtorrent\src\peer_info.cpp">
      <Filter>Source Files</Filter>
    </ClCompile>
    <ClCompile Include="D:\Libraries\libtorrent\src\peer_list.cpp">
      <Filter>Source Files</Filter>
    </ClCompile>
    <ClCompile Include="D:\Libraries\libtorrent\src\performance_counters.cpp">
      <Filter>Source Files</Filter>
    </ClCompile>
    <ClCompile Include="D:\Libraries\libtorrent\src\piece_picker.cpp">
      <Filter>Source Files</Filter>
    </ClCompile>
    <ClCompile Include="D:\Libraries\libtorrent\src\platform_util.cpp">
      <Filter>Source Files</Filter>
    </ClCompile>
    <ClCompile Include="D:\Libraries\libtorrent\src\posix_disk_io.cpp">
      <Filter>Source Files</Filter>
    </ClCompile>
    <ClCompile Include="D:\Libraries\libtorrent\src\posix_part_file.cpp">
      <Filter>Source Files</Filter>
    </ClCompile>
    <ClCompile Include="D:\Libraries\libtorrent\src\posix_storage.cpp">
      <Filter>Source Files</Filter>
    </ClCompile>
    <ClCompile Include="D:\Libraries\libtorrent\src\proxy_base.cpp">
      <Filter>Source Files</Filter>
    </ClCompile>
    <ClCompile Include="D:\Libraries\libtorrent\src\proxy_settings.cpp">
      <Filter>Source Files</Filter>
    </ClCompile>
    <ClCompile Include="D:\Libraries\libtorrent\src\puff.cpp">
      <Filter>Source Files</Filter>
    </ClCompile>
    <ClCompile Include="D:\Libraries\libtorrent\src\random.cpp">
      <Filter>Source Files</Filter>
    </ClCompile>
    <ClCompile Include="D:\Libraries\libtorrent\src\read_resume_data.cpp">
      <Filter>Source Files</Filter>
    </ClCompile>
    <ClCompile Include="D:\Libraries\libtorrent\src\receive_buffer.cpp">
      <Filter>Source Files</Filter>
    </ClCompile>
    <ClCompile Include="D:\Libraries\libtorrent\src\request_blocks.cpp">
      <Filter>Source Files</Filter>
    </ClCompile>
    <ClCompile Include="D:\Libraries\libtorrent\src\resolve_links.cpp">
      <Filter>Source Files</Filter>
    </ClCompile>
    <ClCompile Include="D:\Libraries\libtorrent\src\resolver.cpp">
      <Filter>Source Files</Filter>
    </ClCompile>
    <ClCompile Include="D:\Libraries\libtorrent\src\session.cpp">
      <Filter>Source Files</Filter>
    </ClCompile>
    <ClCompile Include="D:\Libraries\libtorrent\src\session_call.cpp">
      <Filter>Source Files</Filter>
    </ClCompile>
    <ClCompile Include="D:\Libraries\libtorrent\src\session_handle.cpp">
      <Filter>Source Files</Filter>
    </ClCompile>
    <ClCompile Include="D:\Libraries\libtorrent\src\session_impl.cpp">
      <Filter>Source Files</Filter>
    </ClCompile>
    <ClCompile Include="D:\Libraries\libtorrent\src\session_params.cpp">
      <Filter>Source Files</Filter>
    </ClCompile>
    <ClCompile Include="D:\Libraries\libtorrent\src\session_settings.cpp">
      <Filter>Source Files</Filter>
    </ClCompile>
    <ClCompile Include="D:\Libraries\libtorrent\src\session_stats.cpp">
      <Filter>Source Files</Filter>
    </ClCompile>
    <ClCompile Include="D:\Libraries\libtorrent\src\settings_pack.cpp">
      <Filter>Source Files</Filter>
    </ClCompile>
    <ClCompile Include="D:\Libraries\libtorrent\src\sha1.cpp">
      <Filter>Source Files</Filter>
    </ClCompile>
    <ClCompile Include="D:\Libraries\libtorrent\src\sha1_hash.cpp">
      <Filter>Source Files</Filter>
    </ClCompile>
    <ClCompile Include="D:\Libraries\libtorrent\src\sha256.cpp">
      <Filter>Source Files</Filter>
    </ClCompile>
    <ClCompile Include="D:\Libraries\libtorrent\src\socket_io.cpp">
      <Filter>Source Files</Filter>
    </ClCompile>
    <ClCompile Include="D:\Libraries\libtorrent\src\socket_type.cpp">
      <Filter>Source Files</Filter>
    </ClCompile>
    <ClCompile Include="D:\Libraries\libtorrent\src\socks5_stream.cpp">
      <Filter>Source Files</Filter>
    </ClCompile>
    <ClCompile Include="D:\Libraries\libtorrent\src\ssl.cpp">
      <Filter>Source Files</Filter>
    </ClCompile>
    <ClCompile Include="D:\Libraries\libtorrent\src\stack_allocator.cpp">
      <Filter>Source Files</Filter>
    </ClCompile>
    <ClCompile Include="D:\Libraries\libtorrent\src\stat.cpp">
      <Filter>Source Files</Filter>
    </ClCompile>
    <ClCompile Include="D:\Libraries\libtorrent\src\stat_cache.cpp">
      <Filter>Source Files</Filter>
    </ClCompile>
    <ClCompile Include="D:\Libraries\libtorrent\src\storage_utils.cpp">
      <Filter>Source Files</Filter>
    </ClCompile>
    <ClCompile Include="D:\Libraries\libtorrent\src\string_util.cpp">
      <Filter>Source Files</Filter>
    </ClCompile>
    <ClCompile Include="D:\Libraries\libtorrent\src\time.cpp">
      <Filter>Source Files</Filter>
    </ClCompile>
    <ClCompile Include="D:\Libraries\libtorrent\src\timestamp_history.cpp">
      <Filter>Source Files</Filter>
    </ClCompile>
    <ClCompile Include="D:\Libraries\libtorrent\src\torrent.cpp">
      <Filter>Source Files</Filter>
    </ClCompile>
    <ClCompile Include="D:\Libraries\libtorrent\src\torrent_handle.cpp">
      <Filter>Source Files</Filter>
    </ClCompile>
    <ClCompile Include="D:\Libraries\libtorrent\src\torrent_info.cpp">
      <Filter>Source Files</Filter>
    </ClCompile>
    <ClCompile Include="D:\Libraries\libtorrent\src\torrent_peer.cpp">
      <Filter>Source Files</Filter>
    </ClCompile>
    <ClCompile Include="D:\Libraries\libtorrent\src\torrent_peer_allocator.cpp">
      <Filter>Source Files</Filter>
    </ClCompile>
    <ClCompile Include="D:\Libraries\libtorrent\src\torrent_status.cpp">
      <Filter>Source Files</Filter>
    </ClCompile>
    <ClCompile Include="D:\Libraries\libtorrent\src\tracker_manager.cpp">
      <Filter>Source Files</Filter>
    </ClCompile>
    <ClCompile Include="D:\Libraries\libtorrent\src\truncate.cpp">
      <Filter>Source Files</Filter>
    </ClCompile>
    <ClCompile Include="D:\Libraries\libtorrent\src\udp_socket.cpp">
      <Filter>Source Files</Filter>
    </ClCompile>
    <ClCompile Include="D:\Libraries\libtorrent\src\udp_tracker_connection.cpp">
      <Filter>Source Files</Filter>
    </ClCompile>
    <ClCompile Include="D:\Libraries\libtorrent\src\upnp.cpp">
      <Filter>Source Files</Filter>
    </ClCompile>
    <ClCompile Include="D:\Libraries\libtorrent\src\utf8.cpp">
      <Filter>Source Files</Filter>
    </ClCompile>
    <ClCompile Include="D:\Libraries\libtorrent\src\utp_socket_manager.cpp">
      <Filter>Source Files</Filter>
    </ClCompile>
    <ClCompile Include="D:\Libraries\libtorrent\src\utp_stream.cpp">
      <Filter>Source Files</Filter>
    </ClCompile>
    <ClCompile Include="D:\Libraries\libtorrent\src\version.cpp">
      <Filter>Source Files</Filter>
    </ClCompile>
    <ClCompile Include="D:\Libraries\libtorrent\src\web_connection_base.cpp">
      <Filter>Source Files</Filter>
    </ClCompile>
    <ClCompile Include="D:\Libraries\libtorrent\src\web_peer_connection.cpp">
      <Filter>Source Files</Filter>
    </ClCompile>
    <ClCompile Include="D:\Libraries\libtorrent\src\write_resume_data.cpp">
      <Filter>Source Files</Filter>
    </ClCompile>
    <ClCompile Include="D:\Libraries\libtorrent\src\xml_parse.cpp">
      <Filter>Source Files</Filter>
    </ClCompile>
    <ClCompile Include="D:\Libraries\libtorrent\src\smart_ban.cpp">
      <Filter>Source Files</Filter>
    </ClCompile>
    <ClCompile Include="D:\Libraries\libtorrent\src\ut_pex.cpp">
      <Filter>Source Files</Filter>
    </ClCompile>
    <ClCompile Include="D:\Libraries\libtorrent\src\ut_metadata.cpp">
      <Filter>Source Files</Filter>
    </ClCompile>
    <ClCompile Include="D:\Libraries\libtorrent\deps\try_signal\try_signal.cpp">
      <Filter>Source Files</Filter>
    </ClCompile>
    <ClCompile Include="D:\Libraries\libtorrent\deps\try_signal\signal_error_code.cpp">
      <Filter>Source Files</Filter>
    </ClCompile>
    <ClCompile Include="D:\Libraries\libtorrent\src\pe_crypto.cpp">
      <Filter>Source Files</Filter>
    </ClCompile>
    <ClCompile Include="D:\Libraries\libtorrent\src\kademlia\dht_settings.cpp">
      <Filter>Source Files</Filter>
    </ClCompile>
    <ClCompile Include="D:\Libraries\libtorrent\src\kademlia\dht_state.cpp">
      <Filter>Source Files</Filter>
    </ClCompile>
    <ClCompile Include="D:\Libraries\libtorrent\src\kademlia\dht_storage.cpp">
      <Filter>Source Files</Filter>
    </ClCompile>
    <ClCompile Include="D:\Libraries\libtorrent\src\kademlia\dht_tracker.cpp">
      <Filter>Source Files</Filter>
    </ClCompile>
    <ClCompile Include="D:\Libraries\libtorrent\src\kademlia\dos_blocker.cpp">
      <Filter>Source Files</Filter>
    </ClCompile>
    <ClCompile Include="D:\Libraries\libtorrent\src\kademlia\ed25519.cpp">
      <Filter>Source Files</Filter>
    </ClCompile>
    <ClCompile Include="D:\Libraries\libtorrent\src\kademlia\find_data.cpp">
      <Filter>Source Files</Filter>
    </ClCompile>
    <ClCompile Include="D:\Libraries\libtorrent\src\kademlia\get_item.cpp">
      <Filter>Source Files</Filter>
    </ClCompile>
    <ClCompile Include="D:\Libraries\libtorrent\src\kademlia\get_peers.cpp">
      <Filter>Source Files</Filter>
    </ClCompile>
    <ClCompile Include="D:\Libraries\libtorrent\src\kademlia\item.cpp">
      <Filter>Source Files</Filter>
    </ClCompile>
    <ClCompile Include="D:\Libraries\libtorrent\src\kademlia\msg.cpp">
      <Filter>Source Files</Filter>
    </ClCompile>
    <ClCompile Include="D:\Libraries\libtorrent\src\kademlia\node.cpp">
      <Filter>Source Files</Filter>
    </ClCompile>
    <ClCompile Include="D:\Libraries\libtorrent\src\kademlia\node_entry.cpp">
      <Filter>Source Files</Filter>
    </ClCompile>
    <ClCompile Include="D:\Libraries\libtorrent\src\kademlia\node_id.cpp">
      <Filter>Source Files</Filter>
    </ClCompile>
    <ClCompile Include="D:\Libraries\libtorrent\src\kademlia\put_data.cpp">
      <Filter>Source Files</Filter>
    </ClCompile>
    <ClCompile Include="D:\Libraries\libtorrent\src\kademlia\refresh.cpp">
      <Filter>Source Files</Filter>
    </ClCompile>
    <ClCompile Include="D:\Libraries\libtorrent\src\kademlia\routing_table.cpp">
      <Filter>Source Files</Filter>
    </ClCompile>
    <ClCompile Include="D:\Libraries\libtorrent\src\kademlia\rpc_manager.cpp">
      <Filter>Source Files</Filter>
    </ClCompile>
    <ClCompile Include="D:\Libraries\libtorrent\src\kademlia\sample_infohashes.cpp">
      <Filter>Source Files</Filter>
    </ClCompile>
    <ClCompile Include="D:\Libraries\libtorrent\src\kademlia\traversal_algorithm.cpp">
      <Filter>Source Files</Filter>
    </ClCompile>
    <ClCompile Include="D:\Libraries\libtorrent\src\ed25519\add_scalar.cpp">
      <Filter>Source Files</Filter>
    </ClCompile>
    <ClCompile Include="D:\Libraries\libtorrent\src\ed25519\fe.cpp">
      <Filter>Source Files</Filter>
    </ClCompile>
    <ClCompile Include="D:\Libraries\libtorrent\src\ed25519\ge.cpp">
      <Filter>Source Files</Filter>
    </ClCompile>
    <ClCompile Include="D:\Libraries\libtorrent\src\ed25519\key_exchange.cpp">
      <Filter>Source Files</Filter>
    </ClCompile>
    <ClCompile Include="D:\Libraries\libtorrent\src\ed25519\keypair.cpp">
      <Filter>Source Files</Filter>
    </ClCompile>
    <ClCompile Include="D:\Libraries\libtorrent\src\ed25519\sc.cpp">
      <Filter>Source Files</Filter>
    </ClCompile>
    <ClCompile Include="D:\Libraries\libtorrent\src\ed25519\sign.cpp">
      <Filter>Source Files</Filter>
    </ClCompile>
    <ClCompile Include="D:\Libraries\libtorrent\src\ed25519\verify.cpp">
      <Filter>Source Files</Filter>
    </ClCompile>
    <ClCompile Include="D:\Libraries\libtorrent\src\ed25519\sha512.cpp">
      <Filter>Source Files</Filter>
    </ClCompile>
    <ClCompile Include="D:\Libraries\libtorrent\src\ed25519\hasher512.cpp">
      <Filter>Source Files</Filter>
    </ClCompile>
  </ItemGroup>
  <ItemGroup>
    <ClInclude Include="D:\Libraries\libtorrent\include\libtorrent\add_torrent_params.hpp">
      <Filter>Header Files</Filter>
    </ClInclude>
    <ClInclude Include="D:\Libraries\libtorrent\include\libtorrent\address.hpp">
      <Filter>Header Files</Filter>
    </ClInclude>
    <ClInclude Include="D:\Libraries\libtorrent\include\libtorrent\alert.hpp">
      <Filter>Header Files</Filter>
    </ClInclude>
    <ClInclude Include="D:\Libraries\libtorrent\include\libtorrent\alert_types.hpp">
      <Filter>Header Files</Filter>
    </ClInclude>
    <ClInclude Include="D:\Libraries\libtorrent\include\libtorrent\announce_entry.hpp">
      <Filter>Header Files</Filter>
    </ClInclude>
    <ClInclude Include="D:\Libraries\libtorrent\include\libtorrent\assert.hpp">
      <Filter>Header Files</Filter>
    </ClInclude>
    <ClInclude Include="D:\Libraries\libtorrent\include\libtorrent\bdecode.hpp">
      <Filter>Header Files</Filter>
    </ClInclude>
    <ClInclude Include="D:\Libraries\libtorrent\include\libtorrent\bencode.hpp">
      <Filter>Header Files</Filter>
    </ClInclude>
    <ClInclude Include="D:\Libraries\libtorrent\include\libtorrent\bitfield.hpp">
      <Filter>Header Files</Filter>
    </ClInclude>
    <ClInclude Include="D:\Libraries\libtorrent\include\libtorrent\bloom_filter.hpp">
      <Filter>Header Files</Filter>
    </ClInclude>
    <ClInclude Include="D:\Libraries\libtorrent\include\libtorrent\bt_peer_connection.hpp">
      <Filter>Header Files</Filter>
    </ClInclude>
    <ClInclude Include="D:\Libraries\libtorrent\include\libtorrent\choker.hpp">
      <Filter>Header Files</Filter>
    </ClInclude>
    <ClInclude Include="D:\Libraries\libtorrent\include\libtorrent\client_data.hpp">
      <Filter>Header Files</Filter>
    </ClInclude>
    <ClInclude Include="D:\Libraries\libtorrent\include\libtorrent\close_reason.hpp">
      <Filter>Header Files</Filter>
    </ClInclude>
    <ClInclude Include="D:\Libraries\libtorrent\include\libtorrent\config.hpp">
      <Filter>Header Files</Filter>
    </ClInclude>
    <ClInclude Include="D:\Libraries\libtorrent\include\libtorrent\copy_ptr.hpp">
      <Filter>Header Files</Filter>
    </ClInclude>
    <ClInclude Include="D:\Libraries\libtorrent\include\libtorrent\crc32c.hpp">
      <Filter>Header Files</Filter>
    </ClInclude>
    <ClInclude Include="D:\Libraries\libtorrent\include\libtorrent\create_torrent.hpp">
      <Filter>Header Files</Filter>
    </ClInclude>
    <ClInclude Include="D:\Libraries\libtorrent\include\libtorrent\deadline_timer.hpp">
      <Filter>Header Files</Filter>
    </ClInclude>
    <ClInclude Include="D:\Libraries\libtorrent\include\libtorrent\debug.hpp">
      <Filter>Header Files</Filter>
    </ClInclude>
    <ClInclude Include="D:\Libraries\libtorrent\include\libtorrent\disk_buffer_holder.hpp">
      <Filter>Header Files</Filter>
    </ClInclude>
    <ClInclude Include="D:\Libraries\libtorrent\include\libtorrent\disk_interface.hpp">
      <Filter>Header Files</Filter>
    </ClInclude>
    <ClInclude Include="D:\Libraries\libtorrent\include\libtorrent\disk_observer.hpp">
      <Filter>Header Files</Filter>
    </ClInclude>
    <ClInclude Include="D:\Libraries\libtorrent\include\libtorrent\download_priority.hpp">
      <Filter>Header Files</Filter>
    </ClInclude>
    <ClInclude Include="D:\Libraries\libtorrent\include\libtorrent\entry.hpp">
      <Filter>Header Files</Filter>
    </ClInclude>
    <ClInclude Include="D:\Libraries\libtorrent\include\libtorrent\enum_net.hpp">
      <Filter>Header Files</Filter>
    </ClInclude>
    <ClInclude Include="D:\Libraries\libtorrent\include\libtorrent\error.hpp">
      <Filter>Header Files</Filter>
    </ClInclude>
    <ClInclude Include="D:\Libraries\libtorrent\include\libtorrent\error_code.hpp">
      <Filter>Header Files</Filter>
    </ClInclude>
    <ClInclude Include="D:\Libraries\libtorrent\include\libtorrent\extensions.hpp">
      <Filter>Header Files</Filter>
    </ClInclude>
    <ClInclude Include="D:\Libraries\libtorrent\include\libtorrent\file.hpp">
      <Filter>Header Files</Filter>
    </ClInclude>
    <ClInclude Include="D:\Libraries\libtorrent\include\libtorrent\file_storage.hpp">
      <Filter>Header Files</Filter>
    </ClInclude>
    <ClInclude Include="D:\Libraries\libtorrent\include\libtorrent\fingerprint.hpp">
      <Filter>Header Files</Filter>
    </ClInclude>
    <ClInclude Include="D:\Libraries\libtorrent\include\libtorrent\flags.hpp">
      <Filter>Header Files</Filter>
    </ClInclude>
    <ClInclude Include="D:\Libraries\libtorrent\include\libtorrent\fwd.hpp">
      <Filter>Header Files</Filter>
    </ClInclude>
    <ClInclude Include="D:\Libraries\libtorrent\include\libtorrent\gzip.hpp">
      <Filter>Header Files</Filter>
    </ClInclude>
    <ClInclude Include="D:\Libraries\libtorrent\include\libtorrent\hash_picker.hpp">
      <Filter>Header Files</Filter>
    </ClInclude>
    <ClInclude Include="D:\Libraries\libtorrent\include\libtorrent\hasher.hpp">
      <Filter>Header Files</Filter>
    </ClInclude>
    <ClInclude Include="D:\Libraries\libtorrent\include\libtorrent\hex.hpp">
      <Filter>Header Files</Filter>
    </ClInclude>
    <ClInclude Include="D:\Libraries\libtorrent\include\libtorrent\http_connection.hpp">
      <Filter>Header Files</Filter>
    </ClInclude>
    <ClInclude Include="D:\Libraries\libtorrent\include\libtorrent\http_parser.hpp">
      <Filter>Header Files</Filter>
    </ClInclude>
    <ClInclude Include="D:\Libraries\libtorrent\include\libtorrent\http_seed_connection.hpp">
      <Filter>Header Files</Filter>
    </ClInclude>
    <ClInclude Include="D:\Libraries\libtorrent\include\libtorrent\http_stream.hpp">
      <Filter>Header Files</Filter>
    </ClInclude>
    <ClInclude Include="D:\Libraries\libtorrent\include\libtorrent\http_tracker_connection.hpp">
      <Filter>Header Files</Filter>
    </ClInclude>
    <ClInclude Include="D:\Libraries\libtorrent\include\libtorrent\i2p_stream.hpp">
      <Filter>Header Files</Filter>
    </ClInclude>
    <ClInclude Include="D:\Libraries\libtorrent\include\libtorrent\identify_client.hpp">
      <Filter>Header Files</Filter>
    </ClInclude>
    <ClInclude Include="D:\Libraries\libtorrent\include\libtorrent\index_range.hpp">
      <Filter>Header Files</Filter>
    </ClInclude>
    <ClInclude Include="D:\Libraries\libtorrent\include\libtorrent\io.hpp">
      <Filter>Header Files</Filter>
    </ClInclude>
    <ClInclude Include="D:\Libraries\libtorrent\include\libtorrent\io_service.hpp">
      <Filter>Header Files</Filter>
    </ClInclude>
    <ClInclude Include="D:\Libraries\libtorrent\include\libtorrent\ip_filter.hpp">
      <Filter>Header Files</Filter>
    </ClInclude>
    <ClInclude Include="D:\Libraries\libtorrent\include\libtorrent\ip_voter.hpp">
      <Filter>Header Files</Filter>
    </ClInclude>
    <ClInclude Include="D:\Libraries\libtorrent\include\libtorrent\libtorrent.hpp">
      <Filter>Header Files</Filter>
    </ClInclude>
    <ClInclude Include="D:\Libraries\libtorrent\include\libtorrent\link.hpp">
      <Filter>Header Files</Filter>
    </ClInclude>
    <ClInclude Include="D:\Libraries\libtorrent\include\libtorrent\lsd.hpp">
      <Filter>Header Files</Filter>
    </ClInclude>
    <ClInclude Include="D:\Libraries\libtorrent\include\libtorrent\magnet_uri.hpp">
      <Filter>Header Files</Filter>
    </ClInclude>
    <ClInclude Include="D:\Libraries\libtorrent\include\libtorrent\mmap_disk_io.hpp">
      <Filter>Header Files</Filter>
    </ClInclude>
    <ClInclude Include="D:\Libraries\libtorrent\include\libtorrent\mmap_storage.hpp">
      <Filter>Header Files</Filter>
    </ClInclude>
    <ClInclude Include="D:\Libraries\libtorrent\include\libtorrent\natpmp.hpp">
      <Filter>Header Files</Filter>
    </ClInclude>
    <ClInclude Include="D:\Libraries\libtorrent\include\libtorrent\netlink.hpp">
      <Filter>Header Files</Filter>
    </ClInclude>
    <ClInclude Include="D:\Libraries\libtorrent\include\libtorrent\operations.hpp">
      <Filter>Header Files</Filter>
    </ClInclude>
    <ClInclude Include="D:\Libraries\libtorrent\include\libtorrent\optional.hpp">
      <Filter>Header Files</Filter>
    </ClInclude>
    <ClInclude Include="D:\Libraries\libtorrent\include\libtorrent\parse_url.hpp">
      <Filter>Header Files</Filter>
    </ClInclude>
    <ClInclude Include="D:\Libraries\libtorrent\include\libtorrent\part_file.hpp">
      <Filter>Header Files</Filter>
    </ClInclude>
    <ClInclude Include="D:\Libraries\libtorrent\include\libtorrent\peer.hpp">
      <Filter>Header Files</Filter>
    </ClInclude>
    <ClInclude Include="D:\Libraries\libtorrent\include\libtorrent\peer_class.hpp">
      <Filter>Header Files</Filter>
    </ClInclude>
    <ClInclude Include="D:\Libraries\libtorrent\include\libtorrent\peer_class_set.hpp">
      <Filter>Header Files</Filter>
    </ClInclude>
    <ClInclude Include="D:\Libraries\libtorrent\include\libtorrent\peer_class_type_filter.hpp">
      <Filter>Header Files</Filter>
    </ClInclude>
    <ClInclude Include="D:\Libraries\libtorrent\include\libtorrent\peer_connection.hpp">
      <Filter>Header Files</Filter>
    </ClInclude>
    <ClInclude Include="D:\Libraries\libtorrent\include\libtorrent\peer_connection_handle.hpp">
      <Filter>Header Files</Filter>
    </ClInclude>
    <ClInclude Include="D:\Libraries\libtorrent\include\libtorrent\peer_connection_interface.hpp">
      <Filter>Header Files</Filter>
    </ClInclude>
    <ClInclude Include="D:\Libraries\libtorrent\include\libtorrent\peer_id.hpp">
      <Filter>Header Files</Filter>
    </ClInclude>
    <ClInclude Include="D:\Libraries\libtorrent\include\libtorrent\peer_info.hpp">
      <Filter>Header Files</Filter>
    </ClInclude>
    <ClInclude Include="D:\Libraries\libtorrent\include\libtorrent\peer_list.hpp">
      <Filter>Header Files</Filter>
    </ClInclude>
    <ClInclude Include="D:\Libraries\libtorrent\include\libtorrent\peer_request.hpp">
      <Filter>Header Files</Filter>
    </ClInclude>
    <ClInclude Include="D:\Libraries\libtorrent\include\libtorrent\performance_counters.hpp">
      <Filter>Header Files</Filter>
    </ClInclude>
    <ClInclude Include="D:\Libraries\libtorrent\include\libtorrent\pex_flags.hpp">
      <Filter>Header Files</Filter>
    </ClInclude>
    <ClInclude Include="D:\Libraries\libtorrent\include\libtorrent\piece_block.hpp">
      <Filter>Header Files</Filter>
    </ClInclude>
    <ClInclude Include="D:\Libraries\libtorrent\include\libtorrent\piece_block_progress.hpp">
      <Filter>Header Files</Filter>
    </ClInclude>
    <ClInclude Include="D:\Libraries\libtorrent\include\libtorrent\piece_picker.hpp">
      <Filter>Header Files</Filter>
    </ClInclude>
    <ClInclude Include="D:\Libraries\libtorrent\include\libtorrent\platform_util.hpp">
      <Filter>Header Files</Filter>
    </ClInclude>
    <ClInclude Include="D:\Libraries\libtorrent\include\libtorrent\portmap.hpp">
      <Filter>Header Files</Filter>
    </ClInclude>
    <ClInclude Include="D:\Libraries\libtorrent\include\libtorrent\proxy_base.hpp">
      <Filter>Header Files</Filter>
    </ClInclude>
    <ClInclude Include="D:\Libraries\libtorrent\include\libtorrent\puff.hpp">
      <Filter>Header Files</Filter>
    </ClInclude>
    <ClInclude Include="D:\Libraries\libtorrent\include\libtorrent\random.hpp">
      <Filter>Header Files</Filter>
    </ClInclude>
    <ClInclude Include="D:\Libraries\libtorrent\include\libtorrent\read_resume_data.hpp">
      <Filter>Header Files</Filter>
    </ClInclude>
    <ClInclude Include="D:\Libraries\libtorrent\include\libtorrent\request_blocks.hpp">
      <Filter>Header Files</Filter>
    </ClInclude>
    <ClInclude Include="D:\Libraries\libtorrent\include\libtorrent\resolve_links.hpp">
      <Filter>Header Files</Filter>
    </ClInclude>
    <ClInclude Include="D:\Libraries\libtorrent\include\libtorrent\session.hpp">
      <Filter>Header Files</Filter>
    </ClInclude>
    <ClInclude Include="D:\Libraries\libtorrent\include\libtorrent\session_handle.hpp">
      <Filter>Header Files</Filter>
    </ClInclude>
    <ClInclude Include="D:\Libraries\libtorrent\include\libtorrent\session_params.hpp">
      <Filter>Header Files</Filter>
    </ClInclude>
    <ClInclude Include="D:\Libraries\libtorrent\include\libtorrent\session_settings.hpp">
      <Filter>Header Files</Filter>
    </ClInclude>
    <ClInclude Include="D:\Libraries\libtorrent\include\libtorrent\session_stats.hpp">
      <Filter>Header Files</Filter>
    </ClInclude>
    <ClInclude Include="D:\Libraries\libtorrent\include\libtorrent\session_status.hpp">
      <Filter>Header Files</Filter>
    </ClInclude>
    <ClInclude Include="D:\Libraries\libtorrent\include\libtorrent\session_types.hpp">
      <Filter>Header Files</Filter>
    </ClInclude>
    <ClInclude Include="D:\Libraries\libtorrent\include\libtorrent\settings_pack.hpp">
      <Filter>Header Files</Filter>
    </ClInclude>
    <ClInclude Include="D:\Libraries\libtorrent\include\libtorrent\sha1.hpp">
      <Filter>Header Files</Filter>
    </ClInclude>
    <ClInclude Include="D:\Libraries\libtorrent\include\libtorrent\sha1_hash.hpp">
      <Filter>Header Files</Filter>
    </ClInclude>
    <ClInclude Include="D:\Libraries\libtorrent\include\libtorrent\sha256.hpp">
      <Filter>Header Files</Filter>
    </ClInclude>
    <ClInclude Include="D:\Libraries\libtorrent\include\libtorrent\sliding_average.hpp">
      <Filter>Header Files</Filter>
    </ClInclude>
    <ClInclude Include="D:\Libraries\libtorrent\include\libtorrent\socket.hpp">
      <Filter>Header Files</Filter>
    </ClInclude>
    <ClInclude Include="D:\Libraries\libtorrent\include\libtorrent\socket_io.hpp">
      <Filter>Header Files</Filter>
    </ClInclude>
    <ClInclude Include="D:\Libraries\libtorrent\include\libtorrent\socket_type.hpp">
      <Filter>Header Files</Filter>
    </ClInclude>
    <ClInclude Include="D:\Libraries\libtorrent\include\libtorrent\socks5_stream.hpp">
      <Filter>Header Files</Filter>
    </ClInclude>
    <ClInclude Include="D:\Libraries\libtorrent\include\libtorrent\span.hpp">
      <Filter>Header Files</Filter>
    </ClInclude>
    <ClInclude Include="D:\Libraries\libtorrent\include\libtorrent\ssl.hpp">
      <Filter>Header Files</Filter>
    </ClInclude>
    <ClInclude Include="D:\Libraries\libtorrent\include\libtorrent\ssl_stream.hpp">
      <Filter>Header Files</Filter>
    </ClInclude>
    <ClInclude Include="D:\Libraries\libtorrent\include\libtorrent\stack_allocator.hpp">
      <Filter>Header Files</Filter>
    </ClInclude>
    <ClInclude Include="D:\Libraries\libtorrent\include\libtorrent\stat.hpp">
      <Filter>Header Files</Filter>
    </ClInclude>
    <ClInclude Include="D:\Libraries\libtorrent\include\libtorrent\stat_cache.hpp">
      <Filter>Header Files</Filter>
    </ClInclude>
    <ClInclude Include="D:\Libraries\libtorrent\include\libtorrent\storage_defs.hpp">
      <Filter>Header Files</Filter>
    </ClInclude>
    <ClInclude Include="D:\Libraries\libtorrent\include\libtorrent\string_util.hpp">
      <Filter>Header Files</Filter>
    </ClInclude>
    <ClInclude Include="D:\Libraries\libtorrent\include\libtorrent\string_view.hpp">
      <Filter>Header Files</Filter>
    </ClInclude>
    <ClInclude Include="D:\Libraries\libtorrent\include\libtorrent\tailqueue.hpp">
      <Filter>Header Files</Filter>
    </ClInclude>
    <ClInclude Include="D:\Libraries\libtorrent\include\libtorrent\time.hpp">
      <Filter>Header Files</Filter>
    </ClInclude>
    <ClInclude Include="D:\Libraries\libtorrent\include\libtorrent\torrent.hpp">
      <Filter>Header Files</Filter>
    </ClInclude>
    <ClInclude Include="D:\Libraries\libtorrent\include\libtorrent\torrent_flags.hpp">
      <Filter>Header Files</Filter>
    </ClInclude>
    <ClInclude Include="D:\Libraries\libtorrent\include\libtorrent\torrent_handle.hpp">
      <Filter>Header Files</Filter>
    </ClInclude>
    <ClInclude Include="D:\Libraries\libtorrent\include\libtorrent\torrent_info.hpp">
      <Filter>Header Files</Filter>
    </ClInclude>
    <ClInclude Include="D:\Libraries\libtorrent\include\libtorrent\torrent_peer.hpp">
      <Filter>Header Files</Filter>
    </ClInclude>
    <ClInclude Include="D:\Libraries\libtorrent\include\libtorrent\torrent_peer_allocator.hpp">
      <Filter>Header Files</Filter>
    </ClInclude>
    <ClInclude Include="D:\Libraries\libtorrent\include\libtorrent\torrent_status.hpp">
      <Filter>Header Files</Filter>
    </ClInclude>
    <ClInclude Include="D:\Libraries\libtorrent\include\libtorrent\tracker_manager.hpp">
      <Filter>Header Files</Filter>
    </ClInclude>
    <ClInclude Include="D:\Libraries\libtorrent\include\libtorrent\truncate.hpp">
      <Filter>Header Files</Filter>
    </ClInclude>
    <ClInclude Include="D:\Libraries\libtorrent\include\libtorrent\udp_socket.hpp">
      <Filter>Header Files</Filter>
    </ClInclude>
    <ClInclude Include="D:\Libraries\libtorrent\include\libtorrent\udp_tracker_connection.hpp">
      <Filter>Header Files</Filter>
    </ClInclude>
    <ClInclude Include="D:\Libraries\libtorrent\include\libtorrent\union_endpoint.hpp">
      <Filter>Header Files</Filter>
    </ClInclude>
    <ClInclude Include="D:\Libraries\libtorrent\include\libtorrent\units.hpp">
      <Filter>Header Files</Filter>
    </ClInclude>
    <ClInclude Include="D:\Libraries\libtorrent\include\libtorrent\upnp.hpp">
      <Filter>Header Files</Filter>
    </ClInclude>
    <ClInclude Include="D:\Libraries\libtorrent\include\libtorrent\utf8.hpp">
      <Filter>Header Files</Filter>
    </ClInclude>
    <ClInclude Include="D:\Libraries\libtorrent\include\libtorrent\vector_utils.hpp">
      <Filter>Header Files</Filter>
    </ClInclude>
    <ClInclude Include="D:\Libraries\libtorrent\include\libtorrent\version.hpp">
      <Filter>Header Files</Filter>
    </ClInclude>
    <ClInclude Include="D:\Libraries\libtorrent\include\libtorrent\web_connection_base.hpp">
      <Filter>Header Files</Filter>
    </ClInclude>
    <ClInclude Include="D:\Libraries\libtorrent\include\libtorrent\web_peer_connection.hpp">
      <Filter>Header Files</Filter>
    </ClInclude>
    <ClInclude Include="D:\Libraries\libtorrent\include\libtorrent\write_resume_data.hpp">
      <Filter>Header Files</Filter>
    </ClInclude>
    <ClInclude Include="D:\Libraries\libtorrent\include\libtorrent\xml_parse.hpp">
      <Filter>Header Files</Filter>
    </ClInclude>
    <ClInclude Include="D:\Libraries\libtorrent\include\libtorrent\extensions\smart_ban.hpp">
      <Filter>Header Files</Filter>
    </ClInclude>
    <ClInclude Include="D:\Libraries\libtorrent\include\libtorrent\extensions\ut_metadata.hpp">
      <Filter>Header Files</Filter>
    </ClInclude>
    <ClInclude Include="D:\Libraries\libtorrent\include\libtorrent\extensions\ut_pex.hpp">
      <Filter>Header Files</Filter>
    </ClInclude>
    <ClInclude Include="D:\Libraries\libtorrent\include\libtorrent\aux_\alert_manager.hpp">
      <Filter>Header Files</Filter>
    </ClInclude>
    <ClInclude Include="D:\Libraries\libtorrent\include\libtorrent\aux_\aligned_storage.hpp">
      <Filter>Header Files</Filter>
    </ClInclude>
    <ClInclude Include="D:\Libraries\libtorrent\include\libtorrent\aux_\aligned_union.hpp">
      <Filter>Header Files</Filter>
    </ClInclude>
    <ClInclude Include="D:\Libraries\libtorrent\include\libtorrent\aux_\alloca.hpp">
      <Filter>Header Files</Filter>
    </ClInclude>
    <ClInclude Include="D:\Libraries\libtorrent\include\libtorrent\aux_\allocating_handler.hpp">
      <Filter>Header Files</Filter>
    </ClInclude>
    <ClInclude Include="D:\Libraries\libtorrent\include\libtorrent\aux_\apply_pad_files.hpp">
      <Filter>Header Files</Filter>
    </ClInclude>
    <ClInclude Include="D:\Libraries\libtorrent\include\libtorrent\aux_\array.hpp">
      <Filter>Header Files</Filter>
    </ClInclude>
    <ClInclude Include="D:\Libraries\libtorrent\include\libtorrent\aux_\bandwidth_limit.hpp">
      <Filter>Header Files</Filter>
    </ClInclude>
    <ClInclude Include="D:\Libraries\libtorrent\include\libtorrent\aux_\bandwidth_manager.hpp">
      <Filter>Header Files</Filter>
    </ClInclude>
    <ClInclude Include="D:\Libraries\libtorrent\include\libtorrent\aux_\bandwidth_queue_entry.hpp">
      <Filter>Header Files</Filter>
    </ClInclude>
    <ClInclude Include="D:\Libraries\libtorrent\include\libtorrent\aux_\bandwidth_socket.hpp">
      <Filter>Header Files</Filter>
    </ClInclude>
    <ClInclude Include="D:\Libraries\libtorrent\include\libtorrent\aux_\bind_to_device.hpp">
      <Filter>Header Files</Filter>
    </ClInclude>
    <ClInclude Include="D:\Libraries\libtorrent\include\libtorrent\aux_\buffer.hpp">
      <Filter>Header Files</Filter>
    </ClInclude>
    <ClInclude Include="D:\Libraries\libtorrent\include\libtorrent\aux_\byteswap.hpp">
      <Filter>Header Files</Filter>
    </ClInclude>
    <ClInclude Include="D:\Libraries\libtorrent\include\libtorrent\aux_\chained_buffer.hpp">
      <Filter>Header Files</Filter>
    </ClInclude>
    <ClInclude Include="D:\Libraries\libtorrent\include\libtorrent\aux_\cpuid.hpp">
      <Filter>Header Files</Filter>
    </ClInclude>
    <ClInclude Include="D:\Libraries\libtorrent\include\libtorrent\aux_\deferred_handler.hpp">
      <Filter>Header Files</Filter>
    </ClInclude>
    <ClInclude Include="D:\Libraries\libtorrent\include\libtorrent\aux_\deprecated.hpp">
      <Filter>Header Files</Filter>
    </ClInclude>
    <ClInclude Include="D:\Libraries\libtorrent\include\libtorrent\aux_\deque.hpp">
      <Filter>Header Files</Filter>
    </ClInclude>
    <ClInclude Include="D:\Libraries\libtorrent\include\libtorrent\aux_\dev_random.hpp">
      <Filter>Header Files</Filter>
    </ClInclude>
    <ClInclude Include="D:\Libraries\libtorrent\include\libtorrent\aux_\directory.hpp">
      <Filter>Header Files</Filter>
    </ClInclude>
    <ClInclude Include="D:\Libraries\libtorrent\include\libtorrent\aux_\disable_warnings_pop.hpp">
      <Filter>Header Files</Filter>
    </ClInclude>
    <ClInclude Include="D:\Libraries\libtorrent\include\libtorrent\aux_\disable_warnings_push.hpp">
      <Filter>Header Files</Filter>
    </ClInclude>
    <ClInclude Include="D:\Libraries\libtorrent\include\libtorrent\aux_\disk_buffer_pool.hpp">
      <Filter>Header Files</Filter>
    </ClInclude>
    <ClInclude Include="D:\Libraries\libtorrent\include\libtorrent\aux_\mmap_disk_job.hpp">
      <Filter>Header Files</Filter>
    </ClInclude>
    <ClInclude Include="D:\Libraries\libtorrent\include\libtorrent\aux_\disk_io_thread_pool.hpp">
      <Filter>Header Files</Filter>
    </ClInclude>
    <ClInclude Include="D:\Libraries\libtorrent\include\libtorrent\aux_\disk_job_fence.hpp">
      <Filter>Header Files</Filter>
    </ClInclude>
    <ClInclude Include="D:\Libraries\libtorrent\include\libtorrent\aux_\disk_job_pool.hpp">
      <Filter>Header Files</Filter>
    </ClInclude>
    <ClInclude Include="D:\Libraries\libtorrent\include\libtorrent\aux_\ed25519.hpp">
      <Filter>Header Files</Filter>
    </ClInclude>
    <ClInclude Include="D:\Libraries\libtorrent\include\libtorrent\aux_\escape_string.hpp">
      <Filter>Header Files</Filter>
    </ClInclude>
    <ClInclude Include="D:\Libraries\libtorrent\include\libtorrent\aux_\export.hpp">
      <Filter>Header Files</Filter>
    </ClInclude>
    <ClInclude Include="D:\Libraries\libtorrent\include\libtorrent\aux_\ffs.hpp">
      <Filter>Header Files</Filter>
    </ClInclude>
    <ClInclude Include="D:\Libraries\libtorrent\include\libtorrent\aux_\file_progress.hpp">
      <Filter>Header Files</Filter>
    </ClInclude>
    <ClInclude Include="D:\Libraries\libtorrent\include\libtorrent\aux_\file_view_pool.hpp">
      <Filter>Header Files</Filter>
    </ClInclude>
    <ClInclude Include="D:\Libraries\libtorrent\include\libtorrent\aux_\has_block.hpp">
      <Filter>Header Files</Filter>
    </ClInclude>
    <ClInclude Include="D:\Libraries\libtorrent\include\libtorrent\aux_\heterogeneous_queue.hpp">
      <Filter>Header Files</Filter>
    </ClInclude>
    <ClInclude Include="D:\Libraries\libtorrent\include\libtorrent\aux_\instantiate_connection.hpp">
      <Filter>Header Files</Filter>
    </ClInclude>
    <ClInclude Include="D:\Libraries\libtorrent\include\libtorrent\aux_\invariant_check.hpp">
      <Filter>Header Files</Filter>
    </ClInclude>
    <ClInclude Include="D:\Libraries\libtorrent\include\libtorrent\aux_\io.hpp">
      <Filter>Header Files</Filter>
    </ClInclude>
    <ClInclude Include="D:\Libraries\libtorrent\include\libtorrent\aux_\ip_helpers.hpp">
      <Filter>Header Files</Filter>
    </ClInclude>
    <ClInclude Include="D:\Libraries\libtorrent\include\libtorrent\aux_\ip_notifier.hpp">
      <Filter>Header Files</Filter>
    </ClInclude>
    <ClInclude Include="D:\Libraries\libtorrent\include\libtorrent\aux_\keepalive.hpp">
      <Filter>Header Files</Filter>
    </ClInclude>
    <ClInclude Include="D:\Libraries\libtorrent\include\libtorrent\aux_\listen_socket_handle.hpp">
      <Filter>Header Files</Filter>
    </ClInclude>
    <ClInclude Include="D:\Libraries\libtorrent\include\libtorrent\aux_\lsd.hpp">
      <Filter>Header Files</Filter>
    </ClInclude>
    <ClInclude Include="D:\Libraries\libtorrent\include\libtorrent\aux_\merkle.hpp">
      <Filter>Header Files</Filter>
    </ClInclude>
    <ClInclude Include="D:\Libraries\libtorrent\include\libtorrent\aux_\merkle_tree.hpp">
      <Filter>Header Files</Filter>
    </ClInclude>
    <ClInclude Include="D:\Libraries\libtorrent\include\libtorrent\aux_\noexcept_movable.hpp">
      <Filter>Header Files</Filter>
    </ClInclude>
    <ClInclude Include="D:\Libraries\libtorrent\include\libtorrent\aux_\numeric_cast.hpp">
      <Filter>Header Files</Filter>
    </ClInclude>
    <ClInclude Include="D:\Libraries\libtorrent\include\libtorrent\aux_\packet_buffer.hpp">
      <Filter>Header Files</Filter>
    </ClInclude>
    <ClInclude Include="D:\Libraries\libtorrent\include\libtorrent\aux_\packet_pool.hpp">
      <Filter>Header Files</Filter>
    </ClInclude>
    <ClInclude Include="D:\Libraries\libtorrent\include\libtorrent\aux_\path.hpp">
      <Filter>Header Files</Filter>
    </ClInclude>
    <ClInclude Include="D:\Libraries\libtorrent\include\libtorrent\aux_\polymorphic_socket.hpp">
      <Filter>Header Files</Filter>
    </ClInclude>
    <ClInclude Include="D:\Libraries\libtorrent\include\libtorrent\aux_\pool.hpp">
      <Filter>Header Files</Filter>
    </ClInclude>
    <ClInclude Include="D:\Libraries\libtorrent\include\libtorrent\aux_\portmap.hpp">
      <Filter>Header Files</Filter>
    </ClInclude>
    <ClInclude Include="D:\Libraries\libtorrent\include\libtorrent\aux_\posix_part_file.hpp">
      <Filter>Header Files</Filter>
    </ClInclude>
    <ClInclude Include="D:\Libraries\libtorrent\include\libtorrent\aux_\proxy_settings.hpp">
      <Filter>Header Files</Filter>
    </ClInclude>
    <ClInclude Include="D:\Libraries\libtorrent\include\libtorrent\aux_\range.hpp">
      <Filter>Header Files</Filter>
    </ClInclude>
    <ClInclude Include="D:\Libraries\libtorrent\include\libtorrent\aux_\receive_buffer.hpp">
      <Filter>Header Files</Filter>
    </ClInclude>
    <ClInclude Include="D:\Libraries\libtorrent\include\libtorrent\aux_\resolver.hpp">
      <Filter>Header Files</Filter>
    </ClInclude>
    <ClInclude Include="D:\Libraries\libtorrent\include\libtorrent\aux_\resolver_interface.hpp">
      <Filter>Header Files</Filter>
    </ClInclude>
    <ClInclude Include="D:\Libraries\libtorrent\include\libtorrent\aux_\scope_end.hpp">
      <Filter>Header Files</Filter>
    </ClInclude>
    <ClInclude Include="D:\Libraries\libtorrent\include\libtorrent\aux_\session_call.hpp">
      <Filter>Header Files</Filter>
    </ClInclude>
    <ClInclude Include="D:\Libraries\libtorrent\include\libtorrent\aux_\session_impl.hpp">
      <Filter>Header Files</Filter>
    </ClInclude>
    <ClInclude Include="D:\Libraries\libtorrent\include\libtorrent\aux_\session_interface.hpp">
      <Filter>Header Files</Filter>
    </ClInclude>
    <ClInclude Include="D:\Libraries\libtorrent\include\libtorrent\aux_\session_settings.hpp">
      <Filter>Header Files</Filter>
    </ClInclude>
    <ClInclude Include="D:\Libraries\libtorrent\include\libtorrent\aux_\session_udp_sockets.hpp">
      <Filter>Header Files</Filter>
    </ClInclude>
    <ClInclude Include="D:\Libraries\libtorrent\include\libtorrent\aux_\set_socket_buffer.hpp">
      <Filter>Header Files</Filter>
    </ClInclude>
    <ClInclude Include="D:\Libraries\libtorrent\include\libtorrent\aux_\set_traffic_class.hpp">
      <Filter>Header Files</Filter>
    </ClInclude>
    <ClInclude Include="D:\Libraries\libtorrent\include\libtorrent\aux_\socket_type.hpp">
      <Filter>Header Files</Filter>
    </ClInclude>
    <ClInclude Include="D:\Libraries\libtorrent\include\libtorrent\aux_\storage_free_list.hpp">
      <Filter>Header Files</Filter>
    </ClInclude>
    <ClInclude Include="D:\Libraries\libtorrent\include\libtorrent\aux_\storage_utils.hpp">
      <Filter>Header Files</Filter>
    </ClInclude>
    <ClInclude Include="D:\Libraries\libtorrent\include\libtorrent\aux_\string_ptr.hpp">
      <Filter>Header Files</Filter>
    </ClInclude>
    <ClInclude Include="D:\Libraries\libtorrent\include\libtorrent\aux_\strview_less.hpp">
      <Filter>Header Files</Filter>
    </ClInclude>
    <ClInclude Include="D:\Libraries\libtorrent\include\libtorrent\aux_\suggest_piece.hpp">
      <Filter>Header Files</Filter>
    </ClInclude>
    <ClInclude Include="D:\Libraries\libtorrent\include\libtorrent\aux_\throw.hpp">
      <Filter>Header Files</Filter>
    </ClInclude>
    <ClInclude Include="D:\Libraries\libtorrent\include\libtorrent\aux_\time.hpp">
      <Filter>Header Files</Filter>
    </ClInclude>
    <ClInclude Include="D:\Libraries\libtorrent\include\libtorrent\aux_\timestamp_history.hpp">
      <Filter>Header Files</Filter>
    </ClInclude>
    <ClInclude Include="D:\Libraries\libtorrent\include\libtorrent\aux_\torrent_impl.hpp">
      <Filter>Header Files</Filter>
    </ClInclude>
    <ClInclude Include="D:\Libraries\libtorrent\include\libtorrent\aux_\torrent_list.hpp">
      <Filter>Header Files</Filter>
    </ClInclude>
    <ClInclude Include="D:\Libraries\libtorrent\include\libtorrent\aux_\unique_ptr.hpp">
      <Filter>Header Files</Filter>
    </ClInclude>
    <ClInclude Include="D:\Libraries\libtorrent\include\libtorrent\aux_\utp_socket_manager.hpp">
      <Filter>Header Files</Filter>
    </ClInclude>
    <ClInclude Include="D:\Libraries\libtorrent\include\libtorrent\aux_\utp_stream.hpp">
      <Filter>Header Files</Filter>
    </ClInclude>
    <ClInclude Include="D:\Libraries\libtorrent\include\libtorrent\aux_\vector.hpp">
      <Filter>Header Files</Filter>
    </ClInclude>
    <ClInclude Include="D:\Libraries\libtorrent\include\libtorrent\aux_\win_crypto_provider.hpp">
      <Filter>Header Files</Filter>
    </ClInclude>
    <ClInclude Include="D:\Libraries\libtorrent\include\libtorrent\aux_\win_util.hpp">
      <Filter>Header Files</Filter>
    </ClInclude>
    <ClInclude Include="D:\Libraries\libtorrent\include\libtorrent\pe_crypto.hpp">
      <Filter>Header Files</Filter>
    </ClInclude>
    <ClInclude Include="D:\Libraries\libtorrent\include\libtorrent\kademlia\announce_flags.hpp">
      <Filter>Header Files</Filter>
    </ClInclude>
    <ClInclude Include="D:\Libraries\libtorrent\include\libtorrent\kademlia\dht_observer.hpp">
      <Filter>Header Files</Filter>
    </ClInclude>
    <ClInclude Include="D:\Libraries\libtorrent\include\libtorrent\kademlia\dht_settings.hpp">
      <Filter>Header Files</Filter>
    </ClInclude>
    <ClInclude Include="D:\Libraries\libtorrent\include\libtorrent\kademlia\dht_state.hpp">
      <Filter>Header Files</Filter>
    </ClInclude>
    <ClInclude Include="D:\Libraries\libtorrent\include\libtorrent\kademlia\dht_storage.hpp">
      <Filter>Header Files</Filter>
    </ClInclude>
    <ClInclude Include="D:\Libraries\libtorrent\include\libtorrent\kademlia\dht_tracker.hpp">
      <Filter>Header Files</Filter>
    </ClInclude>
    <ClInclude Include="D:\Libraries\libtorrent\include\libtorrent\kademlia\direct_request.hpp">
      <Filter>Header Files</Filter>
    </ClInclude>
    <ClInclude Include="D:\Libraries\libtorrent\include\libtorrent\kademlia\dos_blocker.hpp">
      <Filter>Header Files</Filter>
    </ClInclude>
    <ClInclude Include="D:\Libraries\libtorrent\include\libtorrent\kademlia\ed25519.hpp">
      <Filter>Header Files</Filter>
    </ClInclude>
    <ClInclude Include="D:\Libraries\libtorrent\include\libtorrent\kademlia\find_data.hpp">
      <Filter>Header Files</Filter>
    </ClInclude>
    <ClInclude Include="D:\Libraries\libtorrent\include\libtorrent\kademlia\get_item.hpp">
      <Filter>Header Files</Filter>
    </ClInclude>
    <ClInclude Include="D:\Libraries\libtorrent\include\libtorrent\kademlia\get_peers.hpp">
      <Filter>Header Files</Filter>
    </ClInclude>
    <ClInclude Include="D:\Libraries\libtorrent\include\libtorrent\kademlia\io.hpp">
      <Filter>Header Files</Filter>
    </ClInclude>
    <ClInclude Include="D:\Libraries\libtorrent\include\libtorrent\kademlia\item.hpp">
      <Filter>Header Files</Filter>
    </ClInclude>
    <ClInclude Include="D:\Libraries\libtorrent\include\libtorrent\kademlia\msg.hpp">
      <Filter>Header Files</Filter>
    </ClInclude>
    <ClInclude Include="D:\Libraries\libtorrent\include\libtorrent\kademlia\node.hpp">
      <Filter>Header Files</Filter>
    </ClInclude>
    <ClInclude Include="D:\Libraries\libtorrent\include\libtorrent\kademlia\node_entry.hpp">
      <Filter>Header Files</Filter>
    </ClInclude>
    <ClInclude Include="D:\Libraries\libtorrent\include\libtorrent\kademlia\node_id.hpp">
      <Filter>Header Files</Filter>
    </ClInclude>
    <ClInclude Include="D:\Libraries\libtorrent\include\libtorrent\kademlia\observer.hpp">
      <Filter>Header Files</Filter>
    </ClInclude>
    <ClInclude Include="D:\Libraries\libtorrent\include\libtorrent\kademlia\put_data.hpp">
      <Filter>Header Files</Filter>
    </ClInclude>
    <ClInclude Include="D:\Libraries\libtorrent\include\libtorrent\kademlia\refresh.hpp">
      <Filter>Header Files</Filter>
    </ClInclude>
    <ClInclude Include="D:\Libraries\libtorrent\include\libtorrent\kademlia\routing_table.hpp">
      <Filter>Header Files</Filter>
    </ClInclude>
    <ClInclude Include="D:\Libraries\libtorrent\include\libtorrent\kademlia\rpc_manager.hpp">
      <Filter>Header Files</Filter>
    </ClInclude>
    <ClInclude Include="D:\Libraries\libtorrent\include\libtorrent\kademlia\sample_infohashes.hpp">
      <Filter>Header Files</Filter>
    </ClInclude>
    <ClInclude Include="D:\Libraries\libtorrent\include\libtorrent\kademlia\traversal_algorithm.hpp">
      <Filter>Header Files</Filter>
    </ClInclude>
    <ClInclude Include="D:\Libraries\libtorrent\include\libtorrent\kademlia\types.hpp">
      <Filter>Header Files</Filter>
    </ClInclude>
    <ClInclude Include="D:\Libraries\libtorrent\include\libtorrent\aux_\hasher512.hpp">
      <Filter>Header Files</Filter>
    </ClInclude>
  </ItemGroup>
  <ItemGroup>
    <CustomBuild Include="D:\Libraries\libtorrent\CMakeLists.txt" />
  </ItemGroup>
  <ItemGroup>
    <Filter Include="Header Files">
      <UniqueIdentifier>{A0BBAE04-6CDD-3F4D-A4E3-3E08FC3CE068}</UniqueIdentifier>
    </Filter>
    <Filter Include="Source Files">
      <UniqueIdentifier>{C569F7CE-67F9-3620-9F05-275D6E9267E6}</UniqueIdentifier>
    </Filter>
  </ItemGroup>
</Project>
