<?xml version="1.0" encoding="utf-8"?>
<Project ToolsVersion="4.0" xmlns="http://schemas.microsoft.com/developer/msbuild/2003">
  <ItemGroup>
    <Filter Include="include">
      <UniqueIdentifier>{676c0758-86e4-4159-8aaf-17969db2d381}</UniqueIdentifier>
    </Filter>
    <Filter Include="src">
      <UniqueIdentifier>{a3728292-4416-44be-a05c-5642a99dbbad}</UniqueIdentifier>
    </Filter>
  </ItemGroup>
  <ItemGroup>
    <ClInclude Include="include\r5net.h">
      <Filter>include</Filter>
    </ClInclude>
    <ClInclude Include="include\serverlisting.h">
      <Filter>include</Filter>
    </ClInclude>
    <ClInclude Include="include\netpch.h">
      <Filter>include</Filter>
    </ClInclude>
  </ItemGroup>
  <ItemGroup>
    <ClCompile Include="src\r5net.cpp">
      <Filter>src</Filter>
    </ClCompile>
    <ClCompile Include="src\serverlisting.cpp">
      <Filter>src</Filter>
    </ClCompile>
    <ClCompile Include="src\netpch.cpp">
      <Filter>src</Filter>
    </ClCompile>
  </ItemGroup>
</Project>